%{"alarms": {:git, "https://github.com/hippware/alarms", "e578a1916583486fa20d83d63b77233a56fbc782", [branch: "master"]},
  "aleppo": {:hex, :inaka_aleppo, "1.0.0", "8db14cf16bb8c263c14ff4c3f69f64d7c849d40888944f4204d2ca74f1114ceb", [:rebar3], []},
  "algolia": {:hex, :algolia, "0.4.1", "d99f006074d1e90a02f106ebb01051765c51f7411c13a45162cb95e3e891cca4", [:mix], [{:hackney, "~> 1.6.0", [hex: :hackney, optional: false]}, {:poison, "~> 1.5 or ~> 2.0", [hex: :poison, optional: false]}]},
  "base16": {:hex, :base16, "1.0.0", "283644e2b21bd5915acb7178bed7851fb07c6e5749b8fad68a53c501092176d9", [:rebar3], []},
  "bear": {:hex, :bear, "0.8.3", "866002127a97932720a0d475d8582c98ec5fb78db3a18dfe7eaf91594d9024b8", [:rebar3], []},
  "binpp": {:hex, :binpp, "1.1.1", "a01060124841ed3a22ed98ddeafc10d14166d2991683d5ce907a3a410559c9ee", [:rebar3], []},
  "bunt": {:hex, :bunt, "0.2.0", "951c6e801e8b1d2cbe58ebbd3e616a869061ddadcc4863d0a2182541acae9a38", [:mix], []},
  "cache_tab": {:hex, :cache_tab, "1.0.7", "8e2c958c0c2178e6c015aa7340c761521dc71b642192a5a7887f4aeffa29c7b1", [:rebar3], [{:p1_utils, "1.0.7", [hex: :p1_utils, optional: false]}]},
  "certifi": {:hex, :certifi, "1.0.0", "1c787a85b1855ba354f0b8920392c19aa1d06b0ee1362f9141279620a5be2039", [:rebar3], []},
  "cf": {:hex, :cf, "0.2.1", "69d0b1349fd4d7d4dc55b7f407d29d7a840bf9a1ef5af529f1ebe0ce153fc2ab", [:rebar3], []},
  "combine": {:hex, :combine, "0.9.6", "8d1034a127d4cbf6924c8a5010d3534d958085575fa4d9b878f200d79ac78335", [:mix], []},
  "connection": {:hex, :connection, "1.0.4", "a1cae72211f0eef17705aaededacac3eb30e6625b04a6117c1b2db6ace7d5976", [:mix], []},
  "coverex": {:hex, :coverex, "1.4.12", "b18d737734edeac578a854cfaa5aa48c5d05e649c77ce02efb7f723a316b6a3b", [:mix], [{:hackney, "~> 1.5", [hex: :hackney, optional: false]}, {:poison, "~> 1.5 or ~> 2.0", [hex: :poison, optional: false]}]},
  "cowboy": {:hex, :cowboy, "1.0.4", "a324a8df9f2316c833a470d918aaf73ae894278b8aa6226ce7a9bf699388f878", [:make, :rebar], [{:cowlib, "~> 1.0.0", [hex: :cowlib, optional: false]}, {:ranch, "~> 1.0", [hex: :ranch, optional: false]}]},
  "cowlib": {:hex, :cowlib, "1.0.2", "9d769a1d062c9c3ac753096f868ca121e2730b9a377de23dec0f7e08b1df84ee", [:make], []},
  "cqerl": {:git, "https://github.com/hippware/cqerl.git", "b1dfeebbdce41f4a9bec717cb39168976d8a2f52", [branch: "working-2.0"]},
  "credo": {:hex, :credo, "0.7.2", "850463f126c09227994967fdcf8b8ad7684ab220f7727c00bcafc0ac37bd3660", [:mix], [{:bunt, "~> 0.2.0", [hex: :bunt, optional: false]}]},
  "crone": {:git, "https://github.com/hippware/crone.git", "e74ff9e9dabc46cc50a736b20932e5a3297784b7", [branch: "master"]},
  "cth_readable": {:hex, :cth_readable, "1.2.4", "f89d353ba7d6c9d7f8141af5ce4cb7e796f214b75766960df480ab2b339c43ce", [:rebar3], [{:cf, "0.2.1", [hex: :cf, optional: false]}]},
  "cuesport": {:git, "https://github.com/esl/cuesport.git", "d82ff25baf393eb11712721fb1b881b4b9f80176", [branch: "master"]},
  "db_connection": {:hex, :db_connection, "1.1.2", "2865c2a4bae0714e2213a0ce60a1b12d76a6efba0c51fbda59c9ab8d1accc7a8", [:mix], [{:connection, "~> 1.0.2", [hex: :connection, optional: false]}, {:poolboy, "~> 1.5", [hex: :poolboy, optional: true]}, {:sbroker, "~> 1.0", [hex: :sbroker, optional: true]}]},
  "decimal": {:hex, :decimal, "1.3.1", "157b3cedb2bfcb5359372a7766dd7a41091ad34578296e951f58a946fcab49c6", [:mix], []},
  "dialyxir": {:hex, :dialyxir, "0.5.0", "5bc543f9c28ecd51b99cc1a685a3c2a1a93216990347f259406a910cf048d1d7", [:mix], []},
  "distillery": {:hex, :distillery, "1.3.1", "211231af29ea55c79143d601a2caaf5936cc7b99e73bef25d78a0ff7f321b7fe", [:mix], []},
  "ecto": {:hex, :ecto, "2.1.4", "d1ba932813ec0e0d9db481ef2c17777f1cefb11fc90fa7c142ff354972dfba7e", [:mix], [{:db_connection, "~> 1.1", [hex: :db_connection, optional: true]}, {:decimal, "~> 1.2", [hex: :decimal, optional: false]}, {:mariaex, "~> 0.8.0", [hex: :mariaex, optional: true]}, {:poison, "~> 2.2 or ~> 3.0", [hex: :poison, optional: true]}, {:poolboy, "~> 1.5", [hex: :poolboy, optional: false]}, {:postgrex, "~> 0.13.0", [hex: :postgrex, optional: true]}, {:sbroker, "~> 1.0", [hex: :sbroker, optional: true]}]},
  "edown": {:hex, :edown, "0.8.1", "7333b6f6b7bbc736c263e9ceb8261667d7c8f7d92e251829f1a9fe8f24e7b694", [:rebar3], []},
  "ejabberd": {:git, "https://github.com/hippware/mim-ejabberd.git", "8c44adaa81d26fdf4b76bfe835a9776248de3fa3", [branch: "working-2.0.1"]},
  "elvis": {:hex, :elvis_core, "0.3.5", "9c6de2da5317081d12512ca34ec9cac858d3a169e6882e86bfac97fa47962c4d", [:rebar3], [{:katana_code, "0.1.0", [hex: :katana_code, optional: false]}, {:lager, "3.2.4", [hex: :lager, optional: false]}, {:zipper, "1.0.1", [hex: :zipper, optional: false]}]},
  "eper": {:hex, :eper, "0.94.0", "f5fb2daa0df8878748e1c598428eda942a173e5121ff35c1d632129b84593a3a", [:rebar], []},
  "erlando": {:git, "https://github.com/rabbitmq/erlando.git", "1c1ef25a9bc228671b32b4a6ee30c7525314b1fd", [branch: "master"]},
  "erlang_murmurhash": {:git, "https://github.com/hippware/erlang-murmurhash.git", "73fe63aad252c9d503c889935f30370995026403", [branch: "master"]},
  "escalus": {:git, "https://github.com/hippware/escalus.git", "2254c3ce0a368e23cc64e7ccddb51c2c468fe991", [branch: "working"]},
  "espec": {:hex, :espec, "1.3.4", "8a67f6530dcc92a235af7767f6a323aa81c854ee069b28bc2340e54ab88468f9", [:mix], [{:meck, "0.8.4", [hex: :meck, optional: false]}]},
  "eunit_formatters": {:hex, :eunit_formatters, "0.3.1", "7a6fc351eb5b873e2356b8852eb751e20c13a72fbca03393cf682b8483509573", [:rebar3], []},
  "ex_aws": {:hex, :ex_aws, "1.1.2", "b78416d0a84efe92c22e5df8ba7ca028d63b2b4228f95871a1ecf10324b6493b", [:mix], [{:configparser_ex, "~> 0.2.1", [hex: :configparser_ex, optional: true]}, {:hackney, "1.6.3 or 1.6.5 or 1.7.1", [hex: :hackney, optional: true]}, {:jsx, "~> 2.8", [hex: :jsx, optional: true]}, {:poison, ">= 1.2.0", [hex: :poison, optional: true]}, {:sweet_xml, "~> 0.6", [hex: :sweet_xml, optional: true]}, {:xml_builder, "~> 0.0.6", [hex: :xml_builder, optional: true]}]},
  "ex_guard": {:hex, :ex_guard, "1.2.0", "222aaa7a606f5e975d895f7cce1978351d8960924504915e33871465dc244f21", [:mix], [{:fs, "~> 0.9", [hex: :fs, optional: false]}]},
  "ex_machina": {:hex, :ex_machina, "2.0.0", "ec284c6f57233729cea9319e083f66e613e82549f78eccdb2059aeba5d0df9f3", [:mix], [{:ecto, "~> 2.1", [hex: :ecto, optional: true]}]},
  "exconstructor": {:hex, :exconstructor, "1.1.0", "272623a7b203cb2901c20cbb92c5c3ab103cc0087ff7c881979e046043346752", [:mix], []},
  "exjsx": {:hex, :exjsx, "3.2.1", "1bc5bf1e4fd249104178f0885030bcd75a4526f4d2a1e976f4b428d347614f0f", [:mix], [{:jsx, "~> 2.8.0", [hex: :jsx, optional: false]}]},
  "exml": {:git, "https://github.com/esl/exml.git", "06e743197a519e86e7faef6b938e09e80cddeaa3", [tag: "2.4.1"]},
  "exometer": {:git, "https://github.com/Feuerlabs/exometer.git", "7a7bd8d2b52de4d90f65aa3f6044b0e988319b9e", [branch: "master"]},
  "exometer_cloudwatch": {:git, "https://github.com/hippware/exometer_cloudwatch.git", "e7cca91619e0eb145207105ca4a032258c6f207b", [branch: "master"]},
  "exometer_core": {:git, "https://github.com/Feuerlabs/exometer_core.git", "9206b28d045b395abd1b86cc794223ec9aeeb0ea", [branch: "master"]},
  "exref": {:git, "https://github.com/hippware/exref.git", "4be6acbae147ba90eb1d895e2886cf8949c0eb55", [branch: "master"]},
  "faker": {:hex, :faker, "0.7.0", "2c42deeac7be717173c78c77fb3edc749fb5d5e460e33d01fe592ae99acc2f0d", [:mix], []},
  "fast_tls": {:hex, :fast_tls, "1.0.11", "8ccff4b68e6bb79b91c689da8cf92ec1006a575d2b6a09ac1ed5f9bf4724a39a", [:rebar3], [{:p1_utils, "1.0.7", [hex: :p1_utils, optional: false]}]},
  "fast_xml": {:hex, :fast_xml, "1.1.22", "7eb81a738218541208fa3a126ee36197fb0346852d8c12ad678039e539e019df", [:rebar3], [{:p1_utils, "1.0.7", [hex: :p1_utils, optional: false]}]},
  "folsom": {:hex, :folsom, "0.8.3", "71cff146152fa95e6092e62119f9dc96888660111e7b61853c8fdcf80598a4e0", [:rebar3], [{:bear, "0.8.3", [hex: :bear, optional: false]}]},
  "fs": {:hex, :fs, "0.9.2", "ed17036c26c3f70ac49781ed9220a50c36775c6ca2cf8182d123b6566e49ec59", [:rebar], []},
  "fun_chain": {:git, "https://github.com/sasa1977/fun_chain.git", "e6eede57b74e7588f7aadcf21602023a21c18910", [branch: "master"]},
  "fusco": {:git, "https://github.com/esl/fusco", "0c2442b236e99b2564e35a76c7e86168917c052e", [branch: "master"]},
  "geocalc": {:hex, :geocalc, "0.5.4", "2812b33ed5519636848584805a629acc0687eb8cd34d38b9f19aaecc0b58307a", [:mix], []},
  "gettext": {:hex, :gettext, "0.13.1", "5e0daf4e7636d771c4c71ad5f3f53ba09a9ae5c250e1ab9c42ba9edccc476263", [:mix], []},
  "goldrush": {:hex, :goldrush, "0.1.9", "f06e5d5f1277da5c413e84d5a2924174182fb108dabb39d5ec548b27424cd106", [:rebar3], []},
  "hackney": {:hex, :hackney, "1.7.1", "e238c52c5df3c3b16ce613d3a51c7220a784d734879b1e231c9babd433ac1cb4", [:rebar3], [{:certifi, "1.0.0", [hex: :certifi, optional: false]}, {:idna, "4.0.0", [hex: :idna, optional: false]}, {:metrics, "1.0.1", [hex: :metrics, optional: false]}, {:mimerl, "1.0.2", [hex: :mimerl, optional: false]}, {:ssl_verify_fun, "1.1.1", [hex: :ssl_verify_fun, optional: false]}]},
  "hamcrest": {:git, "https://github.com/basho/hamcrest-erlang.git", "98bc7aa19ea081478c816824aa05fc5a48acae66", [tag: "0.3.0-basho"]},
  "happy": {:hex, :happy, "1.3.1", "c95190b41ede577e35e8cd526976bbe4fefe68c56cd680eeb1a2998ef9799191", [:mix], []},
  "honeybadger": {:hex, :honeybadger, "0.6.1", "1d5311cbb379b2c92e7ba6951980f3160d1acb794385fc07025f6db48929780f", [:mix], [{:httpoison, "~> 0.9", [hex: :httpoison, optional: false]}, {:plug, ">= 0.13.0 and < 2.0.0", [hex: :plug, optional: false]}, {:poison, ">= 1.4.0 and < 3.0.0", [hex: :poison, optional: false]}]},
  "httpoison": {:hex, :httpoison, "0.11.1", "d06c571274c0e77b6cc50e548db3fd7779f611fbed6681fd60a331f66c143a0b", [:mix], [{:hackney, "~> 1.7.0", [hex: :hackney, optional: false]}]},
  "hut": {:git, "git://github.com/tolbrino/hut.git", "025540398478ab6f95932c3234382ac5bb21ad3e", [ref: "v1.1.1"]},
  "idna": {:hex, :idna, "4.0.0", "10aaa9f79d0b12cf0def53038547855b91144f1bfcc0ec73494f38bb7b9c4961", [:rebar3], []},
  "inflex": {:hex, :inflex, "1.8.0", "7cfc752ae244b30b42ac9cf4c092771b485bc3424139aba4a933e54be8c63931", [:mix], []},
  "jiffy": {:hex, :jiffy, "0.14.11", "919a87d491c5a6b5e3bbc27fafedc3a0761ca0b4c405394f121f582fd4e3f0e5", [:rebar3], []},
  "jsx": {:hex, :jsx, "2.8.2", "7acc7d785b5abe8a6e9adbde926a24e481f29956dd8b4df49e3e4e7bcc92a018", [:mix, :rebar3], []},
  "katana_code": {:hex, :katana_code, "0.1.0", "c34f3926a258d6beacd8d21f140f3d47d175501936431c460b144339d5271a0b", [:rebar3], [{:aleppo, "1.0.0", [hex: :inaka_aleppo, optional: false]}]},
  "lager": {:hex, :lager, "3.2.4", "a6deb74dae7927f46bd13255268308ef03eb206ec784a94eaf7c1c0f3b811615", [:rebar3], [{:goldrush, "0.1.9", [hex: :goldrush, optional: false]}]},
  "lager_syslog": {:git, "https://github.com/basho/lager_syslog", "c59ccd421426a3d54b379e9b1f62f1f145dd5802", [tag: "3.0.3"]},
  "lasse": {:hex, :lasse, "1.1.0", "b1d8b9a528c5df4423256e52fee9b8f9a4a48096bb384fb5d4a7e483eb8dcacb", [:make], []},
  "logger_lager_backend": {:hex, :logger_lager_backend, "0.0.2", "b957da78205c0bf946c2b5fefc68fc95a4b42955413e69acf4702d01658aa6ca", [:mix], []},
  "lz4": {:git, "https://github.com/szktty/erlang-lz4.git", "30878eafeff35939052c2cafe17d21c95029d3a1", [tag: "0.2.2"]},
  "mariaex": {:hex, :mariaex, "0.8.2", "a9ee64a02fd72579f844934b4cbecca9566593e499125edf6032c58f9d50b5f9", [:mix], [{:db_connection, "~> 1.1", [hex: :db_connection, optional: false]}, {:decimal, "~> 1.0", [hex: :decimal, optional: false]}]},
  "meck": {:hex, :meck, "0.8.4", "59ca1cd971372aa223138efcf9b29475bde299e1953046a0c727184790ab1520", [:make, :rebar], []},
  "metrics": {:hex, :metrics, "1.0.1", "25f094dea2cda98213cecc3aeff09e940299d950904393b2a29d191c346a8486", [:rebar3], []},
  "mime": {:hex, :mime, "1.1.0", "01c1d6f4083d8aa5c7b8c246ade95139620ef8effb009edde934e0ec3b28090a", [:mix], []},
  "mimerl": {:hex, :mimerl, "1.0.2", "993f9b0e084083405ed8252b99460c4f0563e41729ab42d9074fd5e52439be88", [:rebar3], []},
  "mix_ct": {:git, "https://github.com/hippware/mix_ct.git", "209ce78e1ea9d4b85c124134d7e9dde57e123773", [branch: "master"]},
  "mix_elvis": {:git, "https://github.com/hippware/mix_elvis.git", "a7aba5dd8a92b50bb3832864aca90c73a5a2e9fa", [branch: "master"]},
  "mix_eunit": {:git, "https://github.com/hippware/mix_eunit.git", "ec0044ef5cb40cb23fbf95d1b0f01bd980d94bd8", [branch: "working"]},
  "mochijson2": {:git, "https://github.com/bjnortier/mochijson2.git", "e162b7f5be57b8a1fcf5cc99aa4948864af42bba", [branch: "master"]},
  "mustache": {:git, "https://github.com/mojombo/mustache.erl", "031c7aa302810424c198aa003aa8cf090150b555", [branch: "master"]},
  "ok": {:hex, :ok, "1.6.1", "0d1118f48f9d3563d9f1cc23b67e8c77cf67a4ea3bc09673bc1fa79c92eaa61d", [:mix], []},
  "ossp_uuid": {:git, "https://github.com/hippware/erlang-ossp-uuid.git", "c0ce1c3687390e5583eac8be877a1f077262ba7b", [tag: "v1.0.1"]},
  "p1_mysql": {:hex, :p1_mysql, "1.0.2", "893a99415f98ce8b6ad014ef950d4e878895787b6c8333587f1e506f831571e0", [:rebar3], []},
  "p1_utils": {:hex, :p1_utils, "1.0.7", "030adbce8935f1b87aaedfdb037d3127cc671ee3e1904b394e6dde9e449d6979", [:rebar3], []},
  "parse_trans": {:git, "git://github.com/uwiger/parse_trans.git", "a210adafdfbb904d156d8f22abd5fb58fc17de1e", [tag: "2.9.2"]},
  "partial": {:git, "https://github.com/hippware/partial", "2d7099c54bd37118e517ce1d6003be47b047a442", [branch: "master"]},
  "plug": {:hex, :plug, "1.3.4", "b4ef3a383f991bfa594552ded44934f2a9853407899d47ecc0481777fb1906f6", [:mix], [{:cowboy, "~> 1.0.1 or ~> 1.1", [hex: :cowboy, optional: true]}, {:mime, "~> 1.0", [hex: :mime, optional: false]}]},
  "poison": {:hex, :poison, "2.2.0", "4763b69a8a77bd77d26f477d196428b741261a761257ff1cf92753a0d4d24a63", [:mix], []},
  "poolboy": {:hex, :poolboy, "1.5.1", "6b46163901cfd0a1b43d692657ed9d7e599853b3b21b95ae5ae0a777cf9b6ca8", [:rebar], []},
  "porcelain": {:hex, :porcelain, "2.0.3", "2d77b17d1f21fed875b8c5ecba72a01533db2013bd2e5e62c6d286c029150fdc", [:mix], []},
  "proper": {:git, "https://github.com/manopapad/proper.git", "5f0d69c831b6c9f52535c3d1846efca480f6190d", [tag: "v1.2"]},
  "quickrand": {:hex, :quickrand, "1.6.0", "33a277a639c442d77ab5c1eea4641a49e3f034fd13658bb57e192a6e083fe77d", [:rebar3], []},
  "ranch": {:hex, :ranch, "1.3.2", "e4965a144dc9fbe70e5c077c65e73c57165416a901bd02ea899cfd95aa890986", [:rebar3], []},
  "re2": {:git, "https://github.com/tuncer/re2.git", "0afa670c007fbfe2f155d04995362f5fb6f27a11", [tag: "v1.4.0"]},
  "recon": {:hex, :recon, "2.3.2", "4444c879be323b1b133eec5241cb84bd3821ea194c740d75617e106be4744318", [:rebar3], []},
  "redo": {:hex, :redo, "2.0.1", "b895c67f4c1266db8fecca0079fbab65bdfaf7c2f5618c8edbdbf4800e7e248b", [:rebar], []},
  "reprise": {:hex, :reprise, "0.5.1", "8b6e6266c46780e47f89e8e03e5fc945348dc0d5eb1e47b5ba017481d3a5f5dd", [:mix], []},
  "schemata": {:git, "https://github.com/hippware/schemata.git", "7cad8ef674315f87ca1527dcc7b17dab42abd53d", [branch: "master"]},
  "semver": {:git, "https://github.com/nebularis/semver.git", "c7d509f38298ec6594be4efdcd8a8f2322760039", [branch: "master"]},
  "setup": {:git, "git://github.com/uwiger/setup.git", "5c7d635145e5ffb8b0fa6b470770cdd1cb16b0b2", [tag: "1.6"]},
  "slackex": {:git, "https://github.com/hippware/slackex.git", "d68531f26506b3ce55e449c1f65659b41b15c8ca", [branch: "master"]},
  "snappy": {:git, "https://github.com/fdmanana/snappy-erlang-nif.git", "4e3b8611b6a1ff85a417b0f2fad8886c9485810e", [branch: "master"]},
  "ssl_verify_fun": {:hex, :ssl_verify_fun, "1.1.1", "28a4d65b7f59893bc2c7de786dec1e1555bd742d336043fe644ae956c3497fbe", [:make, :rebar], []},
  "stringprep": {:hex, :stringprep, "1.0.8", "870d72db031796177261af88d1e6eb081dc314ad217377d441e5ea3c8504a310", [:rebar3], [{:p1_utils, "1.0.7", [hex: :p1_utils, optional: false]}]},
  "sweet_xml": {:hex, :sweet_xml, "0.6.5", "dd9cde443212b505d1b5f9758feb2000e66a14d3c449f04c572f3048c66e6697", [:mix], []},
  "syslog": {:git, "https://github.com/Vagabond/erlang-syslog.git", "0e4f0e95c361af298c5d1d17ceccfa831efc036d", [branch: "master"]},
  "timex": {:hex, :timex, "3.1.13", "48b33162e3ec33e9a08fb5f98e3f3c19c3e328dded3156096c1969b77d33eef0", [:mix], [{:combine, "~> 0.7", [hex: :combine, optional: false]}, {:gettext, "~> 0.10", [hex: :gettext, optional: false]}, {:tzdata, "~> 0.1.8 or ~> 0.5", [hex: :tzdata, optional: false]}]},
  "tzdata": {:hex, :tzdata, "0.5.11", "3d5469a9f46bdf4a8760333dbdabdcc4751325035c454b10521f71e7c611ae50", [:mix], [{:hackney, "~> 1.0", [hex: :hackney, optional: false]}]},
  "usec": {:git, "https://github.com/esl/usec.git", "f85ffd8350d7000c26392c18bdfcdbb30f3b5ee8", [branch: "master"]},
  "uuid": {:hex, :uuid_erl, "1.6.0", "1ba81515eeb37eeb7f1563b658e30cdf18bcaf1fd6a390bbf3838461753e69d8", [:rebar3], [{:quickrand, "~> 1.6.0", [hex: :quickrand, optional: false]}]},
  "wsecli": {:git, "https://github.com/esl/wsecli.git", "a89054cf71c5ee9e780998e5acb2a78fd3419dd9", [branch: "master"]},
  "wsock": {:git, "https://github.com/esl/wsock", "251e18b80c018bb5a6e2f1bbd9bcfcc92e1d9383", [ref: "251e18b"]},
  "z_stdlib": {:git, "https://github.com/zotonic/z_stdlib.git", "b9f19b95e12c53b0287abab74f1dbaf84c0ef2f6", [ref: "b9f19b9"]},
  "zipper": {:git, "https://github.com/inaka/zipper.git", "f06f2c77d79f20571c589a31b138214cf0e4428f", [branch: "master"]}}
