%{
  "absinthe": {:git, "https://github.com/hippware/absinthe.git", "0fe24e6698480b500ba05f0383dad2dcb8dbf972", [branch: "working"]},
  "absinthe_ecto": {:hex, :absinthe_ecto, "0.1.3", "420b68129e79fe4571a4838904ba03e282330d335da47729ad52ffd7b8c5fcb1", [:mix], [{:absinthe, "~> 1.3.0 or ~> 1.4.0", [hex: :absinthe, repo: "hexpm", optional: false]}, {:ecto, ">= 0.0.0", [hex: :ecto, repo: "hexpm", optional: false]}], "hexpm"},
  "absinthe_metrics": {:hex, :absinthe_metrics, "1.0.0", "c4dd0444168a1d32a432cab2ced498069e58fd4b90aa9e1ec16b49557bee2cf1", [:mix], [{:absinthe, "~> 1.3", [hex: :absinthe, repo: "hexpm", optional: false]}, {:prometheus_ex, "~> 3.0", [hex: :prometheus_ex, repo: "hexpm", optional: true]}], "hexpm"},
  "absinthe_phoenix": {:git, "https://github.com/hippware/absinthe_phoenix.git", "f65b1a44deecbc2f1b73dec481919fbf7ebefad8", [branch: "working"]},
  "absinthe_plug": {:hex, :absinthe_plug, "1.4.6", "ac5d2d3d02acf52fda0f151b294017ab06e2ed1c6c15334e06aac82c94e36e08", [:mix], [{:absinthe, "~> 1.4.11", [hex: :absinthe, repo: "hexpm", optional: false]}, {:plug, "~> 1.3.2 or ~> 1.4", [hex: :plug, repo: "hexpm", optional: false]}], "hexpm"},
  "absinthe_relay": {:git, "https://github.com/absinthe-graphql/absinthe_relay.git", "c3c85ca88adb8e925e846a515f75d93224b1f17d", [branch: "master"]},
  "accept": {:hex, :accept, "0.3.3", "548ebb6fb2e8b0d170e75bb6123aea6ceecb0189bb1231eeadf52eac08384a97", [:rebar3], [], "hexpm"},
  "apollo_tracing": {:hex, :apollo_tracing, "0.4.1", "210d20693f88bd133a55b04dc1d990ce68ce620a804773731faf180b8b85aa4e", [:mix], [{:absinthe, "~> 1.4", [hex: :absinthe, repo: "hexpm", optional: false]}, {:absinthe_plug, "~> 1.4", [hex: :absinthe_plug, repo: "hexpm", optional: true]}], "hexpm"},
  "artificery": {:hex, :artificery, "0.2.6", "f602909757263f7897130cbd006b0e40514a541b148d366ad65b89236b93497a", [:mix], [], "hexpm"},
  "bamboo": {:hex, :bamboo, "1.2.0", "8aebd24f7c606c32d0163c398004a11608ca1028182a169b2e527793bfab7561", [:mix], [{:hackney, ">= 1.13.0", [hex: :hackney, repo: "hexpm", optional: false]}, {:plug, "~> 1.0", [hex: :plug, repo: "hexpm", optional: false]}, {:poison, ">= 1.5.0", [hex: :poison, repo: "hexpm", optional: true]}], "hexpm"},
  "base64url": {:hex, :base64url, "0.0.1", "36a90125f5948e3afd7be97662a1504b934dd5dac78451ca6e9abf85a10286be", [:rebar], [], "hexpm"},
  "bcrypt_elixir": {:hex, :bcrypt_elixir, "2.0.1", "1061e2114aaac554c12e5c1e4608bf4aadaca839f30d1b85224272facd5e6427", [:make, :mix], [{:comeonin, "~> 5.1", [hex: :comeonin, repo: "hexpm", optional: false]}, {:elixir_make, "~> 0.4", [hex: :elixir_make, repo: "hexpm", optional: false]}], "hexpm"},
  "bear": {:hex, :bear, "0.8.5", "e95fca1627cd9e15baf93ce0a52aff16917baf325f0ee65b88cd715376cd2344", [:rebar3], [], "hexpm"},
  "bimap": {:hex, :bimap, "1.0.0", "80b707adb832cc7670309c85757caf3493b29a3e484cc6eafd65fceaeb107c05", [:mix], [], "hexpm"},
  "bunt": {:hex, :bunt, "0.2.0", "951c6e801e8b1d2cbe58ebbd3e616a869061ddadcc4863d0a2182541acae9a38", [:mix], [], "hexpm"},
  "bypass": {:hex, :bypass, "1.0.0", "b78b3dcb832a71aca5259c1a704b2e14b55fd4e1327ff942598b4e7d1a7ad83d", [:mix], [{:plug, "~> 1.7", [hex: :plug, repo: "hexpm", optional: false]}, {:plug_cowboy, "~> 1.0 or ~> 2.0", [hex: :plug_cowboy, repo: "hexpm", optional: false]}], "hexpm"},
  "certifi": {:hex, :certifi, "2.5.1", "867ce347f7c7d78563450a18a6a28a8090331e77fa02380b4a21962a65d36ee5", [:rebar3], [{:parse_trans, "~>3.3", [hex: :parse_trans, repo: "hexpm", optional: false]}], "hexpm"},
  "combine": {:hex, :combine, "0.10.0", "eff8224eeb56498a2af13011d142c5e7997a80c8f5b97c499f84c841032e429f", [:mix], [], "hexpm"},
  "comeonin": {:hex, :comeonin, "5.1.0", "dc7dc04cc2fd12ffee16ddf3f91e876ee1a686447be403baf6f89da38e215365", [:mix], [], "hexpm"},
  "confex": {:hex, :confex, "3.4.0", "8b1c3cc7a93320291abb31223a178df19d7f722ee816c05a8070c8c9a054560d", [:mix], [], "hexpm"},
  "connection": {:hex, :connection, "1.0.4", "a1cae72211f0eef17705aaededacac3eb30e6625b04a6117c1b2db6ace7d5976", [:mix], [], "hexpm"},
  "cors_plug": {:hex, :cors_plug, "2.0.0", "238ddb479f92b38f6dc1ae44b8d81f0387f9519101a6da442d543ab70ee0e482", [:mix], [{:plug, "~> 1.3 or ~> 1.4 or ~> 1.5", [hex: :plug, repo: "hexpm", optional: false]}], "hexpm"},
  "cowboy": {:hex, :cowboy, "2.6.1", "f2e06f757c337b3b311f9437e6e072b678fcd71545a7b2865bdaa154d078593f", [:rebar3], [{:cowlib, "~> 2.7.0", [hex: :cowlib, repo: "hexpm", optional: false]}, {:ranch, "~> 1.7.1", [hex: :ranch, repo: "hexpm", optional: false]}], "hexpm"},
  "cowlib": {:hex, :cowlib, "2.7.0", "3ef16e77562f9855a2605900cedb15c1462d76fb1be6a32fc3ae91973ee543d2", [:rebar3], [], "hexpm"},
  "credo": {:hex, :credo, "1.0.4", "d2214d4cc88c07f54004ffd5a2a27408208841be5eca9f5a72ce9e8e835f7ede", [:mix], [{:bunt, "~> 0.2.0", [hex: :bunt, repo: "hexpm", optional: false]}, {:jason, "~> 1.0", [hex: :jason, repo: "hexpm", optional: false]}], "hexpm"},
  "dataloader": {:hex, :dataloader, "1.0.6", "fb724d6d3fb6acb87d27e3b32dea3a307936ad2d245faf9cf5221d1323d6a4ba", [:mix], [{:ecto, ">= 0.0.0", [hex: :ecto, repo: "hexpm", optional: true]}], "hexpm"},
  "dawdle": {:git, "https://github.com/hippware/dawdle.git", "30f4c60af02b288252f113070376b3b4648acd11", [branch: "dev-0.5.0"]},
  "dawdle_db": {:git, "https://github.com/hippware/dawdle_db.git", "fb6702fcbb222859973f8e73e9c789893b4cb5cb", [branch: "master"]},
  "db_connection": {:hex, :db_connection, "2.0.5", "ddb2ba6761a08b2bb9ca0e7d260e8f4dd39067426d835c24491a321b7f92a4da", [:mix], [{:connection, "~> 1.0.2", [hex: :connection, repo: "hexpm", optional: false]}], "hexpm"},
  "decimal": {:hex, :decimal, "1.7.0", "30d6b52c88541f9a66637359ddf85016df9eb266170d53105f02e4a67e00c5aa", [:mix], [], "hexpm"},
  "deferred_config": {:hex, :deferred_config, "0.1.1", "ec912e9ee3c99b90a8d4bdec8fbd15309f4bd6729f30789e0ff6f595d06bbce5", [:mix], [], "hexpm"},
  "dialyxir": {:hex, :dialyxir, "1.0.0-rc.5", "c9c2379c59cf2dfc74690f48866e33ffb55ff660e5e02405c14614d204efdc4f", [:mix], [{:erlex, "~> 0.2.1", [hex: :erlex, repo: "hexpm", optional: false]}], "hexpm"},
  "distillery": {:hex, :distillery, "2.0.12", "6e78fe042df82610ac3fa50bd7d2d8190ad287d120d3cd1682d83a44e8b34dfb", [:mix], [{:artificery, "~> 0.2", [hex: :artificery, repo: "hexpm", optional: false]}], "hexpm"},
  "ecto": {:hex, :ecto, "3.0.7", "44dda84ac6b17bbbdeb8ac5dfef08b7da253b37a453c34ab1a98de7f7e5fec7f", [:mix], [{:decimal, "~> 1.6", [hex: :decimal, repo: "hexpm", optional: false]}, {:jason, "~> 1.0", [hex: :jason, repo: "hexpm", optional: true]}, {:poison, "~> 2.2 or ~> 3.0", [hex: :poison, repo: "hexpm", optional: true]}], "hexpm"},
  "ecto_homoiconic_enum": {:git, "https://github.com/hippware/ecto_homoiconic_enum.git", "bef3a0d3b4f48cd9fa1a79f2359919ad706e9fb0", [branch: "master"]},
  "ecto_sql": {:hex, :ecto_sql, "3.0.5", "7e44172b4f7aca4469f38d7f6a3da394dbf43a1bcf0ca975e958cb957becd74e", [:mix], [{:db_connection, "~> 2.0", [hex: :db_connection, repo: "hexpm", optional: false]}, {:ecto, "~> 3.0.6", [hex: :ecto, repo: "hexpm", optional: false]}, {:mariaex, "~> 0.9.1", [hex: :mariaex, repo: "hexpm", optional: true]}, {:postgrex, "~> 0.14.0", [hex: :postgrex, repo: "hexpm", optional: true]}, {:telemetry, "~> 0.3.0", [hex: :telemetry, repo: "hexpm", optional: false]}], "hexpm"},
  "elixir_make": {:hex, :elixir_make, "0.5.2", "96a28c79f5b8d34879cd95ebc04d2a0d678cfbbd3e74c43cb63a76adf0ee8054", [:mix], [], "hexpm"},
  "elixometer": {:git, "https://github.com/hippware/elixometer.git", "c5f294bc04192d93a057d55ac1734facd81e2063", [branch: "working"]},
  "email_checker": {:hex, :email_checker, "0.1.2", "05b3121c71b69f1ab5df7d8b4844046898bf218031998ef53f20c6b8bfd219e9", [:mix], [{:socket, "~> 0.3.1", [hex: :socket, repo: "hexpm", optional: false]}], "hexpm"},
  "erlex": {:hex, :erlex, "0.2.1", "cee02918660807cbba9a7229cae9b42d1c6143b768c781fa6cee1eaf03ad860b", [:mix], [], "hexpm"},
  "eventually": {:git, "https://github.com/hippware/eventually.git", "497cf5e3cf19b65445207ae4447c14d4207cbb24", [branch: "master"]},
  "ex_aws": {:hex, :ex_aws, "2.0.2", "8df2f96f58624a399abe5a0ce26db648ee848aca6393b9c65c939ece9ac07bfa", [:mix], [{:configparser_ex, "~> 2.0", [hex: :configparser_ex, repo: "hexpm", optional: true]}, {:hackney, "1.6.3 or 1.6.5 or 1.7.1 or 1.8.6 or ~> 1.9", [hex: :hackney, repo: "hexpm", optional: true]}, {:jsx, "~> 2.8", [hex: :jsx, repo: "hexpm", optional: true]}, {:poison, ">= 1.2.0", [hex: :poison, repo: "hexpm", optional: true]}, {:sweet_xml, "~> 0.6", [hex: :sweet_xml, repo: "hexpm", optional: true]}, {:xml_builder, "~> 0.1.0", [hex: :xml_builder, repo: "hexpm", optional: true]}], "hexpm"},
  "ex_aws_s3": {:hex, :ex_aws_s3, "2.0.1", "9e09366e77f25d3d88c5393824e613344631be8db0d1839faca49686e99b6704", [:mix], [{:ex_aws, "~> 2.0", [hex: :ex_aws, repo: "hexpm", optional: false]}, {:sweet_xml, ">= 0.0.0", [hex: :sweet_xml, repo: "hexpm", optional: true]}], "hexpm"},
  "ex_aws_sqs": {:hex, :ex_aws_sqs, "2.0.0", "ead66c34b0828c12cff49e7aa9b7be3c6b9f6c682303b6ca2333c26af26d1ba5", [:mix], [{:ex_aws, "~> 2.0.0", [hex: :ex_aws, repo: "hexpm", optional: false]}], "hexpm"},
  "ex_guard": {:hex, :ex_guard, "1.3.3", "941acb390979a1ef40ed0ef10d07035ce7d98b9d0089cecca132f9c0744ac620", [:mix], [{:fs, "~> 0.9", [hex: :fs, repo: "hexpm", optional: false]}], "hexpm"},
  "ex_hash_ring": {:hex, :ex_hash_ring, "3.0.0", "da32c83d7c6d964b9537eb52f27bad0a3a6f7012efdc2749e11a5f268b120b6b", [:mix], [], "hexpm"},
  "ex_json_logger": {:hex, :ex_json_logger, "1.0.0", "413f747706c2e4769b08c7b63aea08f5b3ef28da02dd5a0b6509dc28e1f77d57", [:mix], [{:plug, "~> 1.0", [hex: :plug, repo: "hexpm", optional: false]}, {:poison, ">= 1.4.0", [hex: :poison, repo: "hexpm", optional: false]}], "hexpm"},
  "ex_machina": {:hex, :ex_machina, "2.3.0", "92a5ad0a8b10ea6314b876a99c8c9e3f25f4dde71a2a835845b136b9adaf199a", [:mix], [{:ecto, "~> 2.2 or ~> 3.0", [hex: :ecto, repo: "hexpm", optional: true]}, {:ecto_sql, "~> 3.0", [hex: :ecto_sql, repo: "hexpm", optional: true]}], "hexpm"},
  "ex_phone_number": {:hex, :ex_phone_number, "0.2.0", "6f33aaa6ccd8a921fe4b899b908e9ab7c99a787ca607a6f372042d85f9d28818", [:mix], [{:sweet_xml, "~> 0.6.5", [hex: :sweet_xml, repo: "hexpm", optional: false]}], "hexpm"},
  "ex_twilio": {:hex, :ex_twilio, "0.6.1", "2c2b65f21eeb9b88532202280c6c064c2f6241f2d520d7992941504d12dbf8de", [:mix], [{:httpoison, ">= 0.9.0", [hex: :httpoison, repo: "hexpm", optional: false]}, {:inflex, "~> 1.0", [hex: :inflex, repo: "hexpm", optional: false]}, {:joken, "~> 1.5", [hex: :joken, repo: "hexpm", optional: false]}, {:poison, "~> 3.0", [hex: :poison, repo: "hexpm", optional: false]}], "hexpm"},
  "exconstructor": {:hex, :exconstructor, "1.1.0", "272623a7b203cb2901c20cbb92c5c3ab103cc0087ff7c881979e046043346752", [:mix], [], "hexpm"},
  "excoveralls": {:hex, :excoveralls, "0.10.6", "e2b9718c9d8e3ef90bc22278c3f76c850a9f9116faf4ebe9678063310742edc2", [:mix], [{:hackney, "~> 1.13", [hex: :hackney, repo: "hexpm", optional: false]}, {:jason, "~> 1.0", [hex: :jason, repo: "hexpm", optional: false]}], "hexpm"},
  "exml": {:git, "https://github.com/esl/exml.git", "80a4ecf584fb1908b8671a1e53193106fa30d4f3", [tag: "3.0.3"]},
  "exometer_core": {:git, "https://github.com/hippware/exometer_core.git", "263adb7a42acc04109e30cbf2134e9cddded7328", [branch: "working"]},
  "exometer_prometheus": {:git, "https://github.com/GalaxyGorilla/exometer_prometheus.git", "5c37df514fa04f8fed4359ff5e5561fe5a0fb97d", [branch: "master"]},
  "exrun": {:hex, :exrun, "0.1.7", "1beae0caf68dfd07dea15602edf2c9af6ffd89b25a26edf43a57b325c94ee8b0", [:mix], [], "hexpm"},
  "faker": {:hex, :faker, "0.12.0", "796cbac868c86c2df6f273ea4cdf2e271860863820e479e04a374b7ee6c376b6", [:mix], [], "hexpm"},
  "fastglobal": {:hex, :fastglobal, "1.0.0", "f3133a0cda8e9408aac7281ec579c4b4a8386ce0e99ca55f746b9f58192f455b", [:mix], [], "hexpm"},
  "firebase_admin_ex": {:git, "https://github.com/scripbox/firebase-admin-ex.git", "35b601e43363efd81579dd425179865fa6004148", [branch: "master"]},
  "folsom": {:hex, :folsom, "0.8.5", "94a027b56fe84feed264f9b33cb4c6ac9a801fad84b87dbda0836ce83c3b8d69", [:rebar3], [{:bear, "0.8.5", [hex: :bear, repo: "hexpm", optional: false]}], "hexpm"},
  "fs": {:hex, :fs, "0.9.2", "ed17036c26c3f70ac49781ed9220a50c36775c6ca2cf8182d123b6566e49ec59", [:rebar], [], "hexpm"},
  "gen_stage": {:hex, :gen_stage, "0.14.1", "9d46723fda072d4f4bb31a102560013f7960f5d80ea44dcb96fd6304ed61e7a4", [:mix], [], "hexpm"},
  "gen_state_machine": {:hex, :gen_state_machine, "2.0.5", "9ac15ec6e66acac994cc442dcc2c6f9796cf380ec4b08267223014be1c728a95", [:mix], [], "hexpm"},
  "geo": {:hex, :geo, "3.1.0", "727e005262430d037e870ff364e65d80ca5ca21d5ac8eddd57a1ada72c3f83b0", [:mix], [], "hexpm"},
  "geo_postgis": {:hex, :geo_postgis, "3.1.0", "d06c8fa5fd140a52a5c9dab4ad6623a696dd7d99dd791bb361d3f94942442ff9", [:mix], [{:geo, "~> 3.1", [hex: :geo, repo: "hexpm", optional: false]}, {:jason, "~> 1.0", [hex: :jason, repo: "hexpm", optional: true]}, {:poison, "~> 2.2 or ~> 3.0 or ~> 4.0", [hex: :poison, repo: "hexpm", optional: true]}, {:postgrex, "~> 0.14", [hex: :postgrex, repo: "hexpm", optional: false]}], "hexpm"},
  "geocalc": {:hex, :geocalc, "0.7.2", "71ced3516f50bdf8e0a3fce6d3169972a9127070d2117d7080bf17e3ae3450d8", [:mix], [], "hexpm"},
  "gettext": {:hex, :gettext, "0.16.1", "e2130b25eebcbe02bb343b119a07ae2c7e28bd4b146c4a154da2ffb2b3507af2", [:mix], [], "hexpm"},
  "goldrush": {:hex, :goldrush, "0.1.9", "f06e5d5f1277da5c413e84d5a2924174182fb108dabb39d5ec548b27424cd106", [:rebar3], [], "hexpm"},
  "goth": {:hex, :goth, "0.11.1", "edabbb776de8a9973cfea235d4e4c16481a28bfc4ff648472020a5a5af1044d0", [:mix], [{:httpoison, "~> 0.11 or ~> 1.0", [hex: :httpoison, repo: "hexpm", optional: false]}, {:json_web_token, "~> 0.2.10", [hex: :json_web_token, repo: "hexpm", optional: false]}, {:poison, "~> 2.1 or ~> 3.0", [hex: :poison, repo: "hexpm", optional: false]}], "hexpm"},
  "guardian": {:hex, :guardian, "1.2.1", "bdc8dd3dbf0fb7216cb6f91c11831faa1a64d39cdaed9a611e37f2413e584983", [:mix], [{:jose, "~> 1.8", [hex: :jose, repo: "hexpm", optional: false]}, {:phoenix, "~> 1.3", [hex: :phoenix, repo: "hexpm", optional: true]}, {:plug, "~> 1.3.3 or ~> 1.4", [hex: :plug, repo: "hexpm", optional: true]}], "hexpm"},
  "guardian_firebase": {:hex, :guardian_firebase, "0.2.1", "76d27739634f32dfe2dc6feb1b303924f5a1f391542c09e09b82f42c8788a455", [:mix], [{:guardian, "~> 1.0", [hex: :guardian, repo: "hexpm", optional: false]}, {:hackney, "~> 1.11", [hex: :hackney, repo: "hexpm", optional: false]}], "hexpm"},
  "hackney": {:hex, :hackney, "1.15.1", "9f8f471c844b8ce395f7b6d8398139e26ddca9ebc171a8b91342ee15a19963f4", [:rebar3], [{:certifi, "2.5.1", [hex: :certifi, repo: "hexpm", optional: false]}, {:idna, "6.0.0", [hex: :idna, repo: "hexpm", optional: false]}, {:metrics, "1.0.1", [hex: :metrics, repo: "hexpm", optional: false]}, {:mimerl, "~>1.1", [hex: :mimerl, repo: "hexpm", optional: false]}, {:ssl_verify_fun, "1.1.4", [hex: :ssl_verify_fun, repo: "hexpm", optional: false]}], "hexpm"},
  "honeybadger": {:hex, :honeybadger, "0.11.0", "1156b45f646c148d91fce0581561c5ca3f423a415dd2fea2bbf98485ccded5a3", [:mix], [{:hackney, "~> 1.1", [hex: :hackney, repo: "hexpm", optional: false]}, {:jason, "~> 1.0", [hex: :jason, repo: "hexpm", optional: false]}, {:phoenix, ">= 1.0.0 and < 2.0.0", [hex: :phoenix, repo: "hexpm", optional: true]}, {:plug, ">= 1.0.0 and < 2.0.0", [hex: :plug, repo: "hexpm", optional: true]}], "hexpm"},
  "hpack": {:hex, :hpack_erl, "0.2.3", "17670f83ff984ae6cd74b1c456edde906d27ff013740ee4d9efaa4f1bf999633", [:rebar3], [], "hexpm"},
  "httpoison": {:hex, :httpoison, "1.5.0", "71ae9f304bdf7f00e9cd1823f275c955bdfc68282bc5eb5c85c3a9ade865d68e", [:mix], [{:hackney, "~> 1.8", [hex: :hackney, repo: "hexpm", optional: false]}], "hexpm"},
  "hut": {:hex, :hut, "1.2.0", "0089df0faa2827c605bbada88153f24fff5ea7a4be32ecf0250a7fdc2719cafb", [:"erlang.mk", :rebar, :rebar3], [], "hexpm"},
  "idna": {:hex, :idna, "6.0.0", "689c46cbcdf3524c44d5f3dde8001f364cd7608a99556d8fbd8239a5798d4c10", [:rebar3], [{:unicode_util_compat, "0.4.1", [hex: :unicode_util_compat, repo: "hexpm", optional: false]}], "hexpm"},
  "inflex": {:hex, :inflex, "1.10.0", "8366a7696e70e1813aca102e61274addf85d99f4a072b2f9c7984054ea1b9d29", [:mix], [], "hexpm"},
  "jason": {:hex, :jason, "1.1.2", "b03dedea67a99223a2eaf9f1264ce37154564de899fd3d8b9a21b1a6fd64afe7", [:mix], [{:decimal, "~> 1.0", [hex: :decimal, repo: "hexpm", optional: true]}], "hexpm"},
  "joken": {:hex, :joken, "1.5.0", "42a0953e80bd933fc98a0874e156771f78bf0e92abe6c3a9c22feb6da28efb0b", [:mix], [{:jose, "~> 1.8", [hex: :jose, repo: "hexpm", optional: false]}, {:plug, "~> 1.0", [hex: :plug, repo: "hexpm", optional: true]}, {:poison, "~> 1.5 or ~> 2.0 or ~> 3.0", [hex: :poison, repo: "hexpm", optional: true]}], "hexpm"},
  "jose": {:hex, :jose, "1.9.0", "4167c5f6d06ffaebffd15cdb8da61a108445ef5e85ab8f5a7ad926fdf3ada154", [:mix, :rebar3], [{:base64url, "~> 0.0.1", [hex: :base64url, repo: "hexpm", optional: false]}], "hexpm"},
  "json_web_token": {:hex, :json_web_token, "0.2.10", "61041d56369422c5e3a770cf7d7bf27224b3c4c12d3a7d79b43a002df766db22", [:mix], [{:poison, "~> 3.1", [hex: :poison, repo: "hexpm", optional: false]}], "hexpm"},
  "kadabra": {:hex, :kadabra, "0.4.4", "29d7f4c231d44a59d99b550fa75489a80a572140b3316809f326bf608bce33d8", [:mix], [{:hpack, "~> 0.2.3", [hex: :hpack_erl, repo: "hexpm", optional: false]}], "hexpm"},
  "kronky": {:git, "https://github.com/mirego/kronky.git", "0736d4d3b8f55419bdf1884a93699a7560329d90", [branch: "master"]},
  "lager": {:hex, :lager, "3.6.7", "2fbf823944caa0fc10df5ec13f3f047524a249bb32f0d801b7900c9610264286", [:rebar3], [{:goldrush, "0.1.9", [hex: :goldrush, repo: "hexpm", optional: false]}], "hexpm"},
  "lager_logger": {:hex, :lager_logger, "1.0.5", "2b58be52fe1e0fb82656180fc54e45618aa2dc619090b00e6d3fb4707c6a1fe5", [:mix], [{:lager, ">= 2.1.0", [hex: :lager, repo: "hexpm", optional: false]}], "hexpm"},
  "libring": {:hex, :libring, "1.4.0", "41246ba2f3fbc76b3971f6bce83119dfec1eee17e977a48d8a9cfaaf58c2a8d6", [:mix], [], "hexpm"},
  "meck": {:hex, :meck, "0.8.13", "ffedb39f99b0b99703b8601c6f17c7f76313ee12de6b646e671e3188401f7866", [:rebar3], [], "hexpm"},
  "metrics": {:hex, :metrics, "1.0.1", "25f094dea2cda98213cecc3aeff09e940299d950904393b2a29d191c346a8486", [:rebar3], [], "hexpm"},
  "mime": {:hex, :mime, "1.3.1", "30ce04ab3175b6ad0bdce0035cba77bba68b813d523d1aac73d9781b4d193cf8", [:mix], [], "hexpm"},
  "mimerl": {:hex, :mimerl, "1.2.0", "67e2d3f571088d5cfd3e550c383094b47159f3eee8ffa08e64106cdf5e981be3", [:rebar3], [], "hexpm"},
  "mock": {:hex, :mock, "0.3.3", "42a433794b1291a9cf1525c6d26b38e039e0d3a360732b5e467bfc77ef26c914", [:mix], [{:meck, "~> 0.8.13", [hex: :meck, repo: "hexpm", optional: false]}], "hexpm"},
  "nimble_parsec": {:hex, :nimble_parsec, "0.4.0", "ee261bb53214943679422be70f1658fff573c5d0b0a1ecd0f18738944f818efe", [:mix], [], "hexpm"},
  "p1_utils": {:hex, :p1_utils, "1.0.14", "1f8176b02d787b858d099c1a2276c452ee2e4952766a13837dc93db3e1413a43", [:rebar3], [], "hexpm"},
  "parallel_stream": {:hex, :parallel_stream, "1.0.6", "b967be2b23f0f6787fab7ed681b4c45a215a81481fb62b01a5b750fa8f30f76c", [:mix], [], "hexpm"},
  "parse_trans": {:hex, :parse_trans, "3.3.0", "09765507a3c7590a784615cfd421d101aec25098d50b89d7aa1d66646bc571c1", [:rebar3], [], "hexpm"},
  "peerage": {:hex, :peerage, "1.0.3", "945c3dfc407215b89682c65198d004028df0fa772bfea4d2cc9bb4e39e8be9a0", [:mix], [{:deferred_config, "~> 0.1.1", [hex: :deferred_config, repo: "hexpm", optional: false]}], "hexpm"},
  "phoenix": {:hex, :phoenix, "1.4.3", "8eed4a64ff1e12372cd634724bddd69185938f52c18e1396ebac76375d85677d", [:mix], [{:jason, "~> 1.0", [hex: :jason, repo: "hexpm", optional: true]}, {:phoenix_pubsub, "~> 1.1", [hex: :phoenix_pubsub, repo: "hexpm", optional: false]}, {:plug, "~> 1.7", [hex: :plug, repo: "hexpm", optional: false]}, {:plug_cowboy, "~> 1.0 or ~> 2.0", [hex: :plug_cowboy, repo: "hexpm", optional: true]}], "hexpm"},
  "phoenix_ecto": {:hex, :phoenix_ecto, "4.0.0", "c43117a136e7399ea04ecaac73f8f23ee0ffe3e07acfcb8062fe5f4c9f0f6531", [:mix], [{:ecto, "~> 3.0", [hex: :ecto, repo: "hexpm", optional: false]}, {:phoenix_html, "~> 2.9", [hex: :phoenix_html, repo: "hexpm", optional: true]}, {:plug, "~> 1.0", [hex: :plug, repo: "hexpm", optional: false]}], "hexpm"},
  "phoenix_pubsub": {:hex, :phoenix_pubsub, "1.1.2", "496c303bdf1b2e98a9d26e89af5bba3ab487ba3a3735f74bf1f4064d2a845a3e", [:mix], [], "hexpm"},
  "phoenix_pubsub_redis": {:hex, :phoenix_pubsub_redis, "2.1.7", "61faef1ce3ef4d807f0e83742c115f7d2baa3d1c3cf451293b9d50131ec81f3e", [:mix], [{:phoenix_pubsub, "~> 1.0", [hex: :phoenix_pubsub, repo: "hexpm", optional: false]}, {:poolboy, "~> 1.5.1 or ~> 1.6", [hex: :poolboy, repo: "hexpm", optional: false]}, {:redix, "~> 0.9.0", [hex: :redix, repo: "hexpm", optional: false]}], "hexpm"},
  "pigeon": {:hex, :pigeon, "1.2.4", "c9556b73f7c9de31bb53c1e0c8cfae3ee9ca4f2f9cde835066b6582c259976bb", [:mix], [{:gen_stage, "~> 0.12", [hex: :gen_stage, repo: "hexpm", optional: false]}, {:httpoison, "~> 0.7 or ~> 1.0", [hex: :httpoison, repo: "hexpm", optional: false]}, {:joken, "~> 1.5.0", [hex: :joken, repo: "hexpm", optional: false]}, {:kadabra, "~> 0.4.3", [hex: :kadabra, repo: "hexpm", optional: true]}, {:poison, "~> 2.0 or ~> 3.0", [hex: :poison, repo: "hexpm", optional: false]}], "hexpm"},
  "plug": {:hex, :plug, "1.7.2", "d7b7db7fbd755e8283b6c0a50be71ec0a3d67d9213d74422d9372effc8e87fd1", [:mix], [{:mime, "~> 1.0", [hex: :mime, repo: "hexpm", optional: false]}, {:plug_crypto, "~> 1.0", [hex: :plug_crypto, repo: "hexpm", optional: false]}], "hexpm"},
  "plug_cowboy": {:hex, :plug_cowboy, "2.0.2", "6055f16868cc4882b24b6e1d63d2bada94fb4978413377a3b32ac16c18dffba2", [:mix], [{:cowboy, "~> 2.5", [hex: :cowboy, repo: "hexpm", optional: false]}, {:plug, "~> 1.7", [hex: :plug, repo: "hexpm", optional: false]}], "hexpm"},
  "plug_crypto": {:hex, :plug_crypto, "1.0.0", "18e49317d3fa343f24620ed22795ec29d4a5e602d52d1513ccea0b07d8ea7d4d", [:mix], [], "hexpm"},
  "pobox": {:hex, :pobox, "1.0.4", "e695bc3b2b547dd6c8e5a19cb743396e6670e306ad3ff498844738f9418bd686", [:rebar3], [], "hexpm"},
  "poison": {:hex, :poison, "3.1.0", "d9eb636610e096f86f25d9a46f35a9facac35609a7591b3be3326e99a0484665", [:mix], [], "hexpm"},
  "poolboy": {:hex, :poolboy, "1.5.2", "392b007a1693a64540cead79830443abf5762f5d30cf50bc95cb2c1aaafa006b", [:rebar3], [], "hexpm"},
  "postgrex": {:hex, :postgrex, "0.14.1", "63247d4a5ad6b9de57a0bac5d807e1c32d41e39c04b8a4156a26c63bcd8a2e49", [:mix], [{:connection, "~> 1.0", [hex: :connection, repo: "hexpm", optional: false]}, {:db_connection, "~> 2.0", [hex: :db_connection, repo: "hexpm", optional: false]}, {:decimal, "~> 1.5", [hex: :decimal, repo: "hexpm", optional: false]}, {:jason, "~> 1.0", [hex: :jason, repo: "hexpm", optional: true]}], "hexpm"},
  "prometheus": {:hex, :prometheus, "4.2.2", "a830e77b79dc6d28183f4db050a7cac926a6c58f1872f9ef94a35cd989aceef8", [:mix, :rebar3], [], "hexpm"},
  "prometheus_ecto": {:hex, :prometheus_ecto, "1.4.1", "6c768ea9654de871e5b32fab2eac348467b3021604ebebbcbd8bcbe806a65ed5", [:mix], [{:ecto, "~> 2.0 or ~> 3.0", [hex: :ecto, repo: "hexpm", optional: false]}, {:prometheus_ex, "~> 1.1 or ~> 2.0 or ~> 3.0", [hex: :prometheus_ex, repo: "hexpm", optional: false]}], "hexpm"},
  "prometheus_ex": {:hex, :prometheus_ex, "3.0.5", "fa58cfd983487fc5ead331e9a3e0aa622c67232b3ec71710ced122c4c453a02f", [:mix], [{:prometheus, "~> 4.0", [hex: :prometheus, repo: "hexpm", optional: false]}], "hexpm"},
  "prometheus_phoenix": {:hex, :prometheus_phoenix, "1.2.1", "964a74dfbc055f781d3a75631e06ce3816a2913976d1df7830283aa3118a797a", [:mix], [{:phoenix, "~> 1.3", [hex: :phoenix, repo: "hexpm", optional: false]}, {:prometheus_ex, "~> 1.3 or ~> 2.0 or ~> 3.0", [hex: :prometheus_ex, repo: "hexpm", optional: false]}], "hexpm"},
  "prometheus_plugs": {:hex, :prometheus_plugs, "1.1.5", "25933d48f8af3a5941dd7b621c889749894d8a1082a6ff7c67cc99dec26377c5", [:mix], [{:accept, "~> 0.1", [hex: :accept, repo: "hexpm", optional: false]}, {:plug, "~> 1.0", [hex: :plug, repo: "hexpm", optional: false]}, {:prometheus_ex, "~> 1.1 or ~> 2.0 or ~> 3.0", [hex: :prometheus_ex, repo: "hexpm", optional: false]}, {:prometheus_process_collector, "~> 1.1", [hex: :prometheus_process_collector, repo: "hexpm", optional: true]}], "hexpm"},
  "prometheus_process_collector": {:hex, :prometheus_process_collector, "1.4.3", "657386e8f142fc817347d95c1f3a05ab08710f7df9e7f86db6facaed107ed929", [:rebar3], [{:prometheus, "~> 4.0", [hex: :prometheus, repo: "hexpm", optional: false]}], "hexpm"},
  "ranch": {:hex, :ranch, "1.7.1", "6b1fab51b49196860b733a49c07604465a47bdb78aa10c1c16a3d199f7f8c881", [:rebar3], [], "hexpm"},
  "recon": {:hex, :recon, "2.4.0", "901ff78b39c754fb4d6fd72dcf0dbd398967bbd2e4d59c08d4d7aa44a73de91d", [:rebar3], [], "hexpm"},
  "redbug": {:hex, :redbug, "1.2.1", "9153ee50e42c39ce3f6efa65ee746f4a52896da66862cfb59e7c0f838b7b8414", [:rebar3], [], "hexpm"},
  "redix": {:hex, :redix, "0.9.3", "c51d66657018a9b14f3b4496b1ba70ef6a16e8414cd19b34635242ac371beb95", [:mix], [], "hexpm"},
  "redlock": {:hex, :redlock, "1.0.10", "f8317801dd173fb9112dcff4176559735cedc45290b030c9fe970682bb5c50f4", [:mix], [{:ex_hash_ring, "~> 3.0", [hex: :ex_hash_ring, repo: "hexpm", optional: false]}, {:fastglobal, "~> 1.0.0", [hex: :fastglobal, repo: "hexpm", optional: false]}, {:poolboy, "~> 1.5", [hex: :poolboy, repo: "hexpm", optional: false]}, {:redix, "~> 0.9.2", [hex: :redix, repo: "hexpm", optional: false]}, {:secure_random, "~> 0.5.1", [hex: :secure_random, repo: "hexpm", optional: false]}], "hexpm"},
  "reprise": {:hex, :reprise, "0.5.1", "8b6e6266c46780e47f89e8e03e5fc945348dc0d5eb1e47b5ba017481d3a5f5dd", [:mix], [], "hexpm"},
  "rexbug": {:hex, :rexbug, "1.0.0", "52b5d25c423f1c31ecce6960a556cac6391f62d61945f305248b07149567456c", [:mix], [{:redbug, "~> 1.2", [hex: :redbug, repo: "hexpm", optional: false]}], "hexpm"},
  "secure_random": {:hex, :secure_random, "0.5.1", "c5532b37c89d175c328f5196a0c2a5680b15ebce3e654da37129a9fe40ebf51b", [:mix], [], "hexpm"},
  "slack_ex": {:git, "https://github.com/hippware/slack_ex.git", "1629fd2b6f43fd7f776bd0e6cce6849d059ba168", [branch: "master"]},
  "socket": {:hex, :socket, "0.3.13", "98a2ab20ce17f95fb512c5cadddba32b57273e0d2dba2d2e5f976c5969d0c632", [:mix], [], "hexpm"},
  "ssl_verify_fun": {:hex, :ssl_verify_fun, "1.1.4", "f0eafff810d2041e93f915ef59899c923f4568f4585904d010387ed74988e77b", [:make, :mix, :rebar3], [], "hexpm"},
  "stringprep": {:hex, :stringprep, "1.0.15", "37cfdbfad4ff4d6cb8582f958ea105b5a86e7c97763a78cde0b7281093df06ef", [:rebar3], [{:p1_utils, "1.0.14", [hex: :p1_utils, repo: "hexpm", optional: false]}], "hexpm"},
  "swarm": {:hex, :swarm, "3.4.0", "64f8b30055d74640d2186c66354b33b999438692a91be275bb89cdc7e401f448", [:mix], [{:gen_state_machine, "~> 2.0", [hex: :gen_state_machine, repo: "hexpm", optional: false]}, {:libring, "~> 1.0", [hex: :libring, repo: "hexpm", optional: false]}], "hexpm"},
  "sweet_xml": {:hex, :sweet_xml, "0.6.6", "fc3e91ec5dd7c787b6195757fbcf0abc670cee1e4172687b45183032221b66b8", [:mix], [], "hexpm"},
  "telemetry": {:hex, :telemetry, "0.3.0", "099a7f3ce31e4780f971b4630a3c22ec66d22208bc090fe33a2a3a6a67754a73", [:rebar3], [], "hexpm"},
  "timex": {:hex, :timex, "3.5.0", "b0a23167da02d0fe4f1a4e104d1f929a00d348502b52432c05de875d0b9cffa5", [:mix], [{:combine, "~> 0.10", [hex: :combine, repo: "hexpm", optional: false]}, {:gettext, "~> 0.10", [hex: :gettext, repo: "hexpm", optional: false]}, {:tzdata, "~> 0.1.8 or ~> 0.5", [hex: :tzdata, repo: "hexpm", optional: false]}], "hexpm"},
  "tzdata": {:hex, :tzdata, "0.5.20", "304b9e98a02840fb32a43ec111ffbe517863c8566eb04a061f1c4dbb90b4d84c", [:mix], [{:hackney, "~> 1.0", [hex: :hackney, repo: "hexpm", optional: false]}], "hexpm"},
  "unicode_util_compat": {:hex, :unicode_util_compat, "0.4.1", "d869e4c68901dd9531385bb0c8c40444ebf624e60b6962d95952775cac5e90cd", [:rebar3], [], "hexpm"},
}
