%{
  "absinthe": {:hex, :absinthe, "1.4.12", "50e7a70088e5896fe3581958f36f6b6bd9e6f36b9626d85db42f1283bbdd5d86", [:mix], [{:dataloader, "~> 1.0.0", [hex: :dataloader, repo: "hexpm", optional: true]}, {:decimal, "~> 1.0", [hex: :decimal, repo: "hexpm", optional: true]}], "hexpm"},
  "absinthe_ecto": {:hex, :absinthe_ecto, "0.1.3", "420b68129e79fe4571a4838904ba03e282330d335da47729ad52ffd7b8c5fcb1", [:mix], [{:absinthe, "~> 1.3.0 or ~> 1.4.0", [hex: :absinthe, repo: "hexpm", optional: false]}, {:ecto, ">= 0.0.0", [hex: :ecto, repo: "hexpm", optional: false]}], "hexpm"},
  "absinthe_metrics": {:hex, :absinthe_metrics, "0.9.0", "59b608f60bac5ee53e9958280e395baccd9d1c398f10c0a3b99341e2b03f8843", [:mix], [{:absinthe, "~> 1.3", [hex: :absinthe, repo: "hexpm", optional: false]}, {:prometheus_ex, "~> 1.4", [hex: :prometheus_ex, repo: "hexpm", optional: true]}], "hexpm"},
  "absinthe_phoenix": {:git, "https://github.com/absinthe-graphql/absinthe_phoenix.git", "c55477296b7ee1cfc6df139c0e7e529d20d6b183", [branch: "master"]},
  "absinthe_plug": {:hex, :absinthe_plug, "1.4.4", "f93db43554ee75ab5d23a7757f27cf3edc8b240d8b6f8f7f2764578ac502a8d6", [:mix], [{:absinthe, "~> 1.4.11", [hex: :absinthe, repo: "hexpm", optional: false]}, {:plug, "~> 1.3.2 or ~> 1.4", [hex: :plug, repo: "hexpm", optional: false]}], "hexpm"},
  "absinthe_relay": {:hex, :absinthe_relay, "1.4.3", "2810de847e656b9ed9e660648b6863518e63a6446f89d8fa88f40c80ed647090", [:mix], [{:absinthe, "~> 1.4.0", [hex: :absinthe, repo: "hexpm", optional: false]}, {:ecto, "~> 2.0", [hex: :ecto, repo: "hexpm", optional: true]}], "hexpm"},
  "accept": {:hex, :accept, "0.3.3", "548ebb6fb2e8b0d170e75bb6123aea6ceecb0189bb1231eeadf52eac08384a97", [:rebar3], [], "hexpm"},
  "aleppo": {:hex, :inaka_aleppo, "1.0.0", "8db14cf16bb8c263c14ff4c3f69f64d7c849d40888944f4204d2ca74f1114ceb", [:rebar3], [], "hexpm"},
  "algolia": {:hex, :algolia, "0.6.5", "daa90ce2e3c6a3569ef97b451c617c53bc71bf4a4c6e52027fdc9d36f426b4ec", [:mix], [{:hackney, "~> 1.9 or ~> 1.10", [hex: :hackney, repo: "hexpm", optional: false]}, {:poison, "~> 2.2 or ~> 3.0", [hex: :poison, repo: "hexpm", optional: false]}], "hexpm"},
  "apollo_tracing": {:hex, :apollo_tracing, "0.4.1", "210d20693f88bd133a55b04dc1d990ce68ce620a804773731faf180b8b85aa4e", [:mix], [{:absinthe, "~> 1.4", [hex: :absinthe, repo: "hexpm", optional: false]}, {:absinthe_plug, "~> 1.4", [hex: :absinthe_plug, repo: "hexpm", optional: true]}], "hexpm"},
  "bamboo": {:hex, :bamboo, "1.0.0", "446525f74eb59022ef58bc82f6c91c8e4c5a1469ab42a7f9b37c17262f872ef0", [:mix], [{:hackney, "~> 1.12.1", [hex: :hackney, repo: "hexpm", optional: false]}, {:plug, "~> 1.0", [hex: :plug, repo: "hexpm", optional: false]}, {:poison, ">= 1.5.0", [hex: :poison, repo: "hexpm", optional: false]}], "hexpm"},
  "base16": {:hex, :base16, "1.0.0", "283644e2b21bd5915acb7178bed7851fb07c6e5749b8fad68a53c501092176d9", [:rebar3], [], "hexpm"},
  "base64url": {:hex, :base64url, "0.0.1", "36a90125f5948e3afd7be97662a1504b934dd5dac78451ca6e9abf85a10286be", [:rebar], [], "hexpm"},
  "bcrypt_elixir": {:hex, :bcrypt_elixir, "1.0.7", "e79d84b666bfad0e461ed217860e1c7de6bc4a1ae919cdb39d473ca784817653", [:make, :mix], [{:elixir_make, "~> 0.4", [hex: :elixir_make, repo: "hexpm", optional: false]}], "hexpm"},
  "bear": {:hex, :bear, "0.8.5", "e95fca1627cd9e15baf93ce0a52aff16917baf325f0ee65b88cd715376cd2344", [:rebar3], [], "hexpm"},
  "bunt": {:hex, :bunt, "0.2.0", "951c6e801e8b1d2cbe58ebbd3e616a869061ddadcc4863d0a2182541acae9a38", [:mix], [], "hexpm"},
  "bypass": {:hex, :bypass, "0.8.1", "16d409e05530ece4a72fabcf021a3e5c7e15dcc77f911423196a0c551f2a15ca", [:mix], [{:cowboy, "~> 1.0", [hex: :cowboy, repo: "hexpm", optional: false]}, {:plug, "~> 1.0", [hex: :plug, repo: "hexpm", optional: false]}], "hexpm"},
  "cache_tab": {:hex, :cache_tab, "1.0.13", "e09857af9b7ba89428227d3801256852cb0d51a4de47e4edcb160d96cc96f8eb", [:rebar3], [{:p1_utils, "1.0.11", [hex: :p1_utils, repo: "hexpm", optional: false]}], "hexpm"},
  "certifi": {:hex, :certifi, "2.3.1", "d0f424232390bf47d82da8478022301c561cf6445b5b5fb6a84d49a9e76d2639", [:rebar3], [{:parse_trans, "3.2.0", [hex: :parse_trans, repo: "hexpm", optional: false]}], "hexpm"},
  "cf": {:hex, :cf, "0.3.1", "5cb902239476e141ea70a740340233782d363a31eea8ad37049561542e6cd641", [:rebar3], [], "hexpm"},
  "combine": {:hex, :combine, "0.10.0", "eff8224eeb56498a2af13011d142c5e7997a80c8f5b97c499f84c841032e429f", [:mix], [], "hexpm"},
  "comeonin": {:hex, :comeonin, "4.1.1", "c7304fc29b45b897b34142a91122bc72757bc0c295e9e824999d5179ffc08416", [:mix], [{:argon2_elixir, "~> 1.2", [hex: :argon2_elixir, repo: "hexpm", optional: true]}, {:bcrypt_elixir, "~> 0.12.1 or ~> 1.0", [hex: :bcrypt_elixir, repo: "hexpm", optional: true]}, {:pbkdf2_elixir, "~> 0.12", [hex: :pbkdf2_elixir, repo: "hexpm", optional: true]}], "hexpm"},
  "confex": {:hex, :confex, "3.3.1", "8febaf751bf293a16a1ed2cbd258459cdcc7ca53cfa61d3f83d49dd276a992b4", [:mix], [], "hexpm"},
  "connection": {:hex, :connection, "1.0.4", "a1cae72211f0eef17705aaededacac3eb30e6625b04a6117c1b2db6ace7d5976", [:mix], [], "hexpm"},
  "cors_plug": {:hex, :cors_plug, "1.5.2", "72df63c87e4f94112f458ce9d25800900cc88608c1078f0e4faddf20933eda6e", [:mix], [{:plug, "~> 1.3 or ~> 1.4 or ~> 1.5", [hex: :plug, repo: "hexpm", optional: false]}], "hexpm"},
  "cowboy": {:hex, :cowboy, "1.1.2", "61ac29ea970389a88eca5a65601460162d370a70018afe6f949a29dca91f3bb0", [:rebar3], [{:cowlib, "~> 1.0.2", [hex: :cowlib, repo: "hexpm", optional: false]}, {:ranch, "~> 1.3.2", [hex: :ranch, repo: "hexpm", optional: false]}], "hexpm"},
  "cowlib": {:git, "https://github.com/hippware/cowlib.git", "fc6bd21c89dc91a640e6905a72f9456c68b8270c", [branch: "working"]},
  "credo": {:hex, :credo, "0.9.3", "76fa3e9e497ab282e0cf64b98a624aa11da702854c52c82db1bf24e54ab7c97a", [:mix], [{:bunt, "~> 0.2.0", [hex: :bunt, repo: "hexpm", optional: false]}, {:poison, ">= 0.0.0", [hex: :poison, repo: "hexpm", optional: false]}], "hexpm"},
  "csv": {:hex, :csv, "2.1.1", "a4c1a7c30d2151b6e4976cb2f52c0a1d49ec965afb737ed84a684bc4284d1627", [:mix], [{:parallel_stream, "~> 1.0.4", [hex: :parallel_stream, repo: "hexpm", optional: false]}], "hexpm"},
  "cth_readable": {:git, "https://github.com/hippware/cth_readable.git", "e447c0093e9f75f33516cb47b5f79aee52a5094b", [branch: "master"]},
  "cuesport": {:git, "https://github.com/esl/cuesport", "d82ff25baf393eb11712721fb1b881b4b9f80176", [ref: "d82ff25"]},
  "dawdle": {:hex, :dawdle, "0.4.0", "6126ebc840cac9050de50906581395e609e4ee1bf3bb11fda262b8c4e9d3f682", [:mix], [{:confex, "~> 3.3", [hex: :confex, repo: "hexpm", optional: false]}, {:ex_aws, "~> 2.0", [hex: :ex_aws, repo: "hexpm", optional: false]}, {:ex_aws_sqs, "~> 2.0", [hex: :ex_aws_sqs, repo: "hexpm", optional: false]}, {:hackney, "~> 1.7", [hex: :hackney, repo: "hexpm", optional: false]}, {:poison, "~> 3.1", [hex: :poison, repo: "hexpm", optional: false]}, {:sweet_xml, "~> 0.6", [hex: :sweet_xml, repo: "hexpm", optional: false]}], "hexpm"},
  "db_connection": {:hex, :db_connection, "1.1.3", "89b30ca1ef0a3b469b1c779579590688561d586694a3ce8792985d4d7e575a61", [:mix], [{:connection, "~> 1.0.2", [hex: :connection, repo: "hexpm", optional: false]}, {:poolboy, "~> 1.5", [hex: :poolboy, repo: "hexpm", optional: true]}, {:sbroker, "~> 1.0", [hex: :sbroker, repo: "hexpm", optional: true]}], "hexpm"},
  "decimal": {:hex, :decimal, "1.5.0", "b0433a36d0e2430e3d50291b1c65f53c37d56f83665b43d79963684865beab68", [:mix], [], "hexpm"},
  "deferred_config": {:hex, :deferred_config, "0.1.1", "ec912e9ee3c99b90a8d4bdec8fbd15309f4bd6729f30789e0ff6f595d06bbce5", [:mix], [], "hexpm"},
  "dialyxir": {:hex, :dialyxir, "0.5.1", "b331b091720fd93e878137add264bac4f644e1ddae07a70bf7062c7862c4b952", [:mix], [], "hexpm"},
  "distillery": {:git, "https://github.com/hippware/distillery.git", "1115f7038cc11ca3360312b3199a2b982d2aebc5", [branch: "working"]},
  "ecto": {:hex, :ecto, "2.2.10", "e7366dc82f48f8dd78fcbf3ab50985ceeb11cb3dc93435147c6e13f2cda0992e", [:mix], [{:db_connection, "~> 1.1", [hex: :db_connection, repo: "hexpm", optional: true]}, {:decimal, "~> 1.2", [hex: :decimal, repo: "hexpm", optional: false]}, {:mariaex, "~> 0.8.0", [hex: :mariaex, repo: "hexpm", optional: true]}, {:poison, "~> 2.2 or ~> 3.0", [hex: :poison, repo: "hexpm", optional: true]}, {:poolboy, "~> 1.5", [hex: :poolboy, repo: "hexpm", optional: false]}, {:postgrex, "~> 0.13.0", [hex: :postgrex, repo: "hexpm", optional: true]}, {:sbroker, "~> 1.0", [hex: :sbroker, repo: "hexpm", optional: true]}], "hexpm"},
  "ecto_homoiconic_enum": {:hex, :ecto_homoiconic_enum, "0.1.2", "8d5a894c8da5be100e449c2f3f2f75a57a5ae74be8b1c4d91d5e56a863c7eb9c", [:mix], [{:ecto, "~> 2.2", [hex: :ecto, repo: "hexpm", optional: false]}, {:postgrex, "~> 0.13", [hex: :postgrex, repo: "hexpm", optional: true]}], "hexpm"},
  "elixir_make": {:hex, :elixir_make, "0.4.1", "6628b86053190a80b9072382bb9756a6c78624f208ec0ff22cb94c8977d80060", [:mix], [], "hexpm"},
  "elvis": {:hex, :elvis_core, "0.3.9", "6b3c18e1e1cc9bc5684282f59a95b6b42898c1a27e0e2f3cfe9b384af76a7629", [:rebar3], [{:katana_code, "0.1.0", [hex: :katana_code, repo: "hexpm", optional: false]}, {:zipper, "1.0.1", [hex: :zipper, repo: "hexpm", optional: false]}], "hexpm"},
  "email_checker": {:hex, :email_checker, "0.1.2", "05b3121c71b69f1ab5df7d8b4844046898bf218031998ef53f20c6b8bfd219e9", [:mix], [{:socket, "~> 0.3.1", [hex: :socket, repo: "hexpm", optional: false]}], "hexpm"},
  "epgsql": {:hex, :epgsql, "3.4.0", "39d473b83d74329a88f8fb1f99ad24c7a2329fd753957c488808cb7c0fc8164e", [:rebar3], [], "hexpm"},
  "erlando": {:git, "https://github.com/hippware/erlando.git", "a42435da85559369e38ab6043f2ec5afb3682daa", [branch: "master"]},
  "escalus": {:git, "https://github.com/hippware/escalus.git", "a91384c15ca349e5cee0080d2a44fe61325902bc", [branch: "patches"]},
  "espec": {:hex, :espec, "1.5.1", "46c603c4adb4244b152ea53c4d5f4545ab1eb1de1556588ec908b8e4ba570188", [:mix], [{:meck, "0.8.9", [hex: :meck, repo: "hexpm", optional: false]}], "hexpm"},
  "ex_aws": {:hex, :ex_aws, "2.0.2", "8df2f96f58624a399abe5a0ce26db648ee848aca6393b9c65c939ece9ac07bfa", [:mix], [{:configparser_ex, "~> 2.0", [hex: :configparser_ex, repo: "hexpm", optional: true]}, {:hackney, "1.6.3 or 1.6.5 or 1.7.1 or 1.8.6 or ~> 1.9", [hex: :hackney, repo: "hexpm", optional: true]}, {:jsx, "~> 2.8", [hex: :jsx, repo: "hexpm", optional: true]}, {:poison, ">= 1.2.0", [hex: :poison, repo: "hexpm", optional: true]}, {:sweet_xml, "~> 0.6", [hex: :sweet_xml, repo: "hexpm", optional: true]}, {:xml_builder, "~> 0.1.0", [hex: :xml_builder, repo: "hexpm", optional: true]}], "hexpm"},
  "ex_aws_s3": {:hex, :ex_aws_s3, "2.0.1", "9e09366e77f25d3d88c5393824e613344631be8db0d1839faca49686e99b6704", [:mix], [{:ex_aws, "~> 2.0", [hex: :ex_aws, repo: "hexpm", optional: false]}, {:sweet_xml, ">= 0.0.0", [hex: :sweet_xml, repo: "hexpm", optional: true]}], "hexpm"},
  "ex_aws_sqs": {:hex, :ex_aws_sqs, "2.0.0", "ead66c34b0828c12cff49e7aa9b7be3c6b9f6c682303b6ca2333c26af26d1ba5", [:mix], [{:ex_aws, "~> 2.0.0", [hex: :ex_aws, repo: "hexpm", optional: false]}], "hexpm"},
  "ex_guard": {:hex, :ex_guard, "1.3.0", "0f5c50b90a7e4c599b45d02448ae53eabffc33adb7bfdfc5f5507715e7662a25", [:mix], [{:fs, "~> 0.9", [hex: :fs, repo: "hexpm", optional: false]}], "hexpm"},
  "ex_json_logger": {:hex, :ex_json_logger, "1.0.0", "413f747706c2e4769b08c7b63aea08f5b3ef28da02dd5a0b6509dc28e1f77d57", [:mix], [{:plug, "~> 1.0", [hex: :plug, repo: "hexpm", optional: false]}, {:poison, ">= 1.4.0", [hex: :poison, repo: "hexpm", optional: false]}], "hexpm"},
  "ex_machina": {:hex, :ex_machina, "2.2.0", "fec496331e04fc2db2a1a24fe317c12c0c4a50d2beb8ebb3531ed1f0d84be0ed", [:mix], [{:ecto, "~> 2.1", [hex: :ecto, repo: "hexpm", optional: true]}], "hexpm"},
  "exactor": {:hex, :exactor, "2.2.4", "5efb4ddeb2c48d9a1d7c9b465a6fffdd82300eb9618ece5d34c3334d5d7245b1", [:mix], [], "hexpm"},
  "exconstructor": {:hex, :exconstructor, "1.1.0", "272623a7b203cb2901c20cbb92c5c3ab103cc0087ff7c881979e046043346752", [:mix], [], "hexpm"},
  "excoveralls": {:hex, :excoveralls, "0.9.1", "14fd20fac51ab98d8e79615814cc9811888d2d7b28e85aa90ff2e30dcf3191d6", [:mix], [{:hackney, ">= 0.12.0", [hex: :hackney, repo: "hexpm", optional: false]}, {:jason, "~> 1.0", [hex: :jason, repo: "hexpm", optional: false]}], "hexpm"},
  "exjsx": {:hex, :exjsx, "4.0.0", "60548841e0212df401e38e63c0078ec57b33e7ea49b032c796ccad8cde794b5c", [:mix], [{:jsx, "~> 2.8.0", [hex: :jsx, repo: "hexpm", optional: false]}], "hexpm"},
  "exml": {:git, "https://github.com/esl/exml.git", "01f6941176d5f339aaf0c3af890f726eb19b7158", [tag: "3.0.1"]},
  "exometer": {:git, "https://github.com/hippware/exometer.git", "eb522a29ce115acba1914b35a83923dbd49393ee", [branch: "working"]},
  "exometer_core": {:git, "https://github.com/hippware/exometer_core.git", "0f1f65e7b8a265501561081d3899e04611f15b1d", [branch: "working"]},
  "exometer_prometheus": {:git, "https://github.com/GalaxyGorilla/exometer_prometheus.git", "9eb0481b0418124145c831a4b70d942a176aa232", [branch: "master"]},
  "exrun": {:hex, :exrun, "0.1.6", "036fd2418ad9701ab90446c3245c383fa6723e12badccafb172bba8bf835ab9b", [:mix], [], "hexpm"},
  "exvcr": {:hex, :exvcr, "0.10.0", "5150808404d9f48dbda636f70f7f8fefd93e2433cd39f695f810e73b3a9d1736", [:mix], [{:exactor, "~> 2.2", [hex: :exactor, repo: "hexpm", optional: false]}, {:exjsx, "~> 4.0", [hex: :exjsx, repo: "hexpm", optional: false]}, {:httpoison, "~> 0.13", [hex: :httpoison, repo: "hexpm", optional: true]}, {:httpotion, "~> 3.0", [hex: :httpotion, repo: "hexpm", optional: true]}, {:ibrowse, "~> 4.4", [hex: :ibrowse, repo: "hexpm", optional: true]}, {:meck, "~> 0.8.8", [hex: :meck, repo: "hexpm", optional: false]}], "hexpm"},
  "faker": {:hex, :faker, "0.10.0", "367c2ae47e7b4ac6410e1eaa880c07b5fe4194476f697d37ac1ce25f3058aae2", [:mix], [], "hexpm"},
  "fast_tls": {:hex, :fast_tls, "1.0.22", "d41d1827c436fa914436984bea0ba9a62bce60473b8d65129b6d331966fb7cfc", [:rebar3], [{:p1_utils, "1.0.11", [hex: :p1_utils, repo: "hexpm", optional: false]}], "hexpm"},
  "folsom": {:hex, :folsom, "0.8.5", "94a027b56fe84feed264f9b33cb4c6ac9a801fad84b87dbda0836ce83c3b8d69", [:rebar3], [{:bear, "0.8.5", [hex: :bear, repo: "hexpm", optional: false]}], "hexpm"},
  "fs": {:hex, :fs, "0.9.2", "ed17036c26c3f70ac49781ed9220a50c36775c6ca2cf8182d123b6566e49ec59", [:rebar], [], "hexpm"},
  "fun_chain": {:git, "https://github.com/sasa1977/fun_chain.git", "e6eede57b74e7588f7aadcf21602023a21c18910", [branch: "master"]},
  "fusco": {:hex, :fusco, "0.1.0", "9e37b660a55690f687ace2143316f7998587529be2580f1ae54245acd1ad3d40", [:rebar3], [], "hexpm"},
  "gen_stage": {:hex, :gen_stage, "0.13.1", "edff5bca9cab22c5d03a834062515e6a1aeeb7665fb44eddae086252e39c4378", [:mix], [], "hexpm"},
  "geo": {:hex, :geo, "3.0.0", "bb1e9baac6031c5bbddcde4937af1c1ab1cbfbbe2f7870038fdfc93a9cad4359", [:mix], [], "hexpm"},
  "geo_postgis": {:hex, :geo_postgis, "2.0.0", "daefab887bd377c20c8da2ad7921c8fa8af06cf28ce13a7f66e1cc1b6f019d9c", [:mix], [{:geo, "~> 3.0", [hex: :geo, repo: "hexpm", optional: false]}, {:jason, "~> 1.0", [hex: :jason, repo: "hexpm", optional: true]}, {:poison, "~> 2.2 or ~> 3.0", [hex: :poison, repo: "hexpm", optional: true]}, {:postgrex, "~> 0.13", [hex: :postgrex, repo: "hexpm", optional: false]}], "hexpm"},
  "geocalc": {:hex, :geocalc, "0.6.1", "97a78913efc5c880803743a363d4748233b6a973093840322a77cd38cd4fabe5", [:mix], [], "hexpm"},
  "gettext": {:hex, :gettext, "0.15.0", "40a2b8ce33a80ced7727e36768499fc9286881c43ebafccae6bab731e2b2b8ce", [:mix], [], "hexpm"},
  "goldrush": {:hex, :goldrush, "0.1.9", "f06e5d5f1277da5c413e84d5a2924174182fb108dabb39d5ec548b27424cd106", [:rebar3], [], "hexpm"},
  "guardian": {:hex, :guardian, "1.1.0", "36c1ea356a1bac02bc120c3f91f4f0259c5aa0ee92cee0efe8def5d7401f1921", [:mix], [{:jose, "~> 1.8", [hex: :jose, repo: "hexpm", optional: false]}, {:phoenix, "~> 1.0 or ~> 1.2 or ~> 1.3", [hex: :phoenix, repo: "hexpm", optional: true]}, {:plug, "~> 1.3.3 or ~> 1.4", [hex: :plug, repo: "hexpm", optional: true]}, {:poison, "~> 2.2 or ~> 3.0", [hex: :poison, repo: "hexpm", optional: false]}, {:uuid, ">= 1.1.1", [hex: :uuid, repo: "hexpm", optional: false]}], "hexpm"},
  "guardian_firebase": {:hex, :guardian_firebase, "0.1.0", "05527e293716e38680a768780a2ac8be1d220d6986d7e873dacce653fcda4fe5", [:mix], [{:guardian, "~> 1.0", [hex: :guardian, repo: "hexpm", optional: false]}, {:hackney, "~> 1.11", [hex: :hackney, repo: "hexpm", optional: false]}], "hexpm"},
  "gun": {:hex, :gun, "1.0.0-pre.4", "23685826f097d115703b7d111d454077fce0b45545eee62fb9d56c102989fc7e", [:rebar3], [{:cowlib, "1.3.0", [hex: :cowlib, repo: "hexpm", optional: false]}, {:ranch, "1.4.0", [hex: :ranch, repo: "hexpm", optional: false]}], "hexpm"},
  "hackney": {:hex, :hackney, "1.12.1", "8bf2d0e11e722e533903fe126e14d6e7e94d9b7983ced595b75f532e04b7fdc7", [:rebar3], [{:certifi, "2.3.1", [hex: :certifi, repo: "hexpm", optional: false]}, {:idna, "5.1.1", [hex: :idna, repo: "hexpm", optional: false]}, {:metrics, "1.0.1", [hex: :metrics, repo: "hexpm", optional: false]}, {:mimerl, "1.0.2", [hex: :mimerl, repo: "hexpm", optional: false]}, {:ssl_verify_fun, "1.1.1", [hex: :ssl_verify_fun, repo: "hexpm", optional: false]}], "hexpm"},
  "hamcrest": {:git, "https://github.com/basho/hamcrest-erlang.git", "98bc7aa19ea081478c816824aa05fc5a48acae66", [tag: "0.3.0-basho"]},
  "honeybadger": {:hex, :honeybadger, "0.10.1", "d39b5e54d5dbe8ab48bddbdc787ef4a841e3df5d1a5191ccbf6c4b1a75d60ffe", [:mix], [{:hackney, "~> 1.1", [hex: :hackney, repo: "hexpm", optional: false]}, {:jason, "~> 1.0", [hex: :jason, repo: "hexpm", optional: false]}, {:phoenix, ">= 1.0.0 and < 2.0.0", [hex: :phoenix, repo: "hexpm", optional: true]}, {:plug, ">= 1.0.0 and < 2.0.0", [hex: :plug, repo: "hexpm", optional: true]}], "hexpm"},
  "hpack": {:hex, :hpack_erl, "0.2.3", "17670f83ff984ae6cd74b1c456edde906d27ff013740ee4d9efaa4f1bf999633", [:rebar3], [], "hexpm"},
  "httpoison": {:hex, :httpoison, "0.13.0", "bfaf44d9f133a6599886720f3937a7699466d23bb0cd7a88b6ba011f53c6f562", [:mix], [{:hackney, "~> 1.8", [hex: :hackney, repo: "hexpm", optional: false]}], "hexpm"},
  "hut": {:hex, :hut, "1.2.0", "0089df0faa2827c605bbada88153f24fff5ea7a4be32ecf0250a7fdc2719cafb", [:"erlang.mk", :rebar, :rebar3], [], "hexpm"},
  "idna": {:hex, :idna, "5.1.2", "e21cb58a09f0228a9e0b95eaa1217f1bcfc31a1aaa6e1fdf2f53a33f7dbd9494", [:rebar3], [{:unicode_util_compat, "0.3.1", [hex: :unicode_util_compat, repo: "hexpm", optional: false]}], "hexpm"},
  "jason": {:hex, :jason, "1.0.0", "0f7cfa9bdb23fed721ec05419bcee2b2c21a77e926bce0deda029b5adc716fe2", [:mix], [{:decimal, "~> 1.0", [hex: :decimal, repo: "hexpm", optional: true]}], "hexpm"},
  "jiffy": {:hex, :jiffy, "0.14.11", "919a87d491c5a6b5e3bbc27fafedc3a0761ca0b4c405394f121f582fd4e3f0e5", [:rebar3], [], "hexpm"},
  "joken": {:hex, :joken, "1.5.0", "42a0953e80bd933fc98a0874e156771f78bf0e92abe6c3a9c22feb6da28efb0b", [:mix], [{:jose, "~> 1.8", [hex: :jose, repo: "hexpm", optional: false]}, {:plug, "~> 1.0", [hex: :plug, repo: "hexpm", optional: true]}, {:poison, "~> 1.5 or ~> 2.0 or ~> 3.0", [hex: :poison, repo: "hexpm", optional: true]}], "hexpm"},
  "jose": {:hex, :jose, "1.8.4", "7946d1e5c03a76ac9ef42a6e6a20001d35987afd68c2107bcd8f01a84e75aa73", [:mix, :rebar3], [{:base64url, "~> 0.0.1", [hex: :base64url, repo: "hexpm", optional: false]}], "hexpm"},
  "jsx": {:hex, :jsx, "2.8.3", "a05252d381885240744d955fbe3cf810504eb2567164824e19303ea59eef62cf", [:mix, :rebar3], [], "hexpm"},
  "kadabra": {:hex, :kadabra, "0.4.2", "e046b8596e3fc79301d612e0b605c82be6372908ee78d8a73344f0e8773d816f", [:mix], [{:gen_stage, "~> 0.13.1", [hex: :gen_stage, repo: "hexpm", optional: false]}, {:hpack, "~> 0.2.3", [hex: :hpack_erl, repo: "hexpm", optional: false]}], "hexpm"},
  "katana_code": {:hex, :katana_code, "0.1.0", "c34f3926a258d6beacd8d21f140f3d47d175501936431c460b144339d5271a0b", [:rebar3], [{:aleppo, "1.0.0", [hex: :inaka_aleppo, repo: "hexpm", optional: false]}], "hexpm"},
  "kronky": {:hex, :kronky, "0.5.0", "b2038c267f02b297044cb574f542fa96763278a88b32a97d0c37bde95c63c13b", [:mix], [{:absinthe, "~> 1.3", [hex: :absinthe, repo: "hexpm", optional: false]}, {:ecto, ">= 2.1.4", [hex: :ecto, repo: "hexpm", optional: false]}], "hexpm"},
  "lager": {:hex, :lager, "3.6.3", "fe78951d174616273f87f0dbc3374d1430b1952e5efc4e1c995592d30a207294", [:rebar3], [{:goldrush, "0.1.9", [hex: :goldrush, repo: "hexpm", optional: false]}], "hexpm"},
  "lager_logger": {:hex, :lager_logger, "1.0.5", "2b58be52fe1e0fb82656180fc54e45618aa2dc619090b00e6d3fb4707c6a1fe5", [:mix], [{:lager, ">= 2.1.0", [hex: :lager, repo: "hexpm", optional: false]}], "hexpm"},
  "lasse": {:hex, :lasse, "1.1.0", "b1d8b9a528c5df4423256e52fee9b8f9a4a48096bb384fb5d4a7e483eb8dcacb", [:make], [], "hexpm"},
  "meck": {:hex, :meck, "0.8.9", "64c5c0bd8bcca3a180b44196265c8ed7594e16bcc845d0698ec6b4e577f48188", [:rebar3], [], "hexpm"},
  "metrics": {:hex, :metrics, "1.0.1", "25f094dea2cda98213cecc3aeff09e940299d950904393b2a29d191c346a8486", [:rebar3], [], "hexpm"},
  "mime": {:hex, :mime, "1.3.0", "5e8d45a39e95c650900d03f897fbf99ae04f60ab1daa4a34c7a20a5151b7a5fe", [:mix], [], "hexpm"},
  "mimerl": {:hex, :mimerl, "1.0.2", "993f9b0e084083405ed8252b99460c4f0563e41729ab42d9074fd5e52439be88", [:rebar3], [], "hexpm"},
  "mix_ct": {:git, "https://github.com/hippware/mix_ct.git", "b1aac39818db6705f8cf869caef18abecc7741fc", [branch: "master"]},
  "mix_elvis": {:git, "https://github.com/hippware/mix_elvis.git", "a7aba5dd8a92b50bb3832864aca90c73a5a2e9fa", [branch: "master"]},
  "mochijson2": {:git, "https://github.com/bjnortier/mochijson2", "e162b7f5be57b8a1fcf5cc99aa4948864af42bba", [branch: "master"]},
  "mongooseim": {:git, "https://github.com/hippware/mongooseim.git", "e0372b739238f1194613c864996803692b3b4f78", [branch: "2.1.1/working"]},
  "mustache": {:git, "https://github.com/mojombo/mustache.erl", "031c7aa302810424c198aa003aa8cf090150b555", [branch: "master"]},
  "ossp_uuid": {:git, "https://github.com/hippware/erlang-ossp-uuid.git", "c0ce1c3687390e5583eac8be877a1f077262ba7b", [tag: "v1.0.1"]},
  "p1_utils": {:hex, :p1_utils, "1.0.11", "a471f80644d4b464fa67572affddda7e95df5d4b099624b8907f5726e8a1769c", [:rebar3], [], "hexpm"},
  "parallel_stream": {:hex, :parallel_stream, "1.0.6", "b967be2b23f0f6787fab7ed681b4c45a215a81481fb62b01a5b750fa8f30f76c", [:mix], [], "hexpm"},
  "parse_trans": {:hex, :parse_trans, "3.2.0", "2adfa4daf80c14dc36f522cf190eb5c4ee3e28008fc6394397c16f62a26258c2", [:rebar3], [], "hexpm"},
  "partial": {:git, "https://github.com/hippware/partial", "446ee511e5d7fe3b92bc122931f027401c732713", [branch: "master"]},
  "peerage": {:hex, :peerage, "1.0.2", "43417cae92ca93fa3065194f5c6cb0b3df2214b2009128e470482563402cc9e5", [:mix], [{:deferred_config, "~> 0.1.1", [hex: :deferred_config, repo: "hexpm", optional: false]}], "hexpm"},
  "phoenix": {:hex, :phoenix, "1.3.3", "bafb5fa408d202e8d9f739e781bdb908446a2c1c1e00797c1158918ed55566a4", [:mix], [{:cowboy, "~> 1.0", [hex: :cowboy, repo: "hexpm", optional: true]}, {:phoenix_pubsub, "~> 1.0", [hex: :phoenix_pubsub, repo: "hexpm", optional: false]}, {:plug, "~> 1.3.3 or ~> 1.4", [hex: :plug, repo: "hexpm", optional: false]}, {:poison, "~> 2.2 or ~> 3.0", [hex: :poison, repo: "hexpm", optional: false]}], "hexpm"},
  "phoenix_ecto": {:hex, :phoenix_ecto, "3.3.0", "702f6e164512853d29f9d20763493f2b3bcfcb44f118af2bc37bb95d0801b480", [:mix], [{:ecto, "~> 2.1", [hex: :ecto, repo: "hexpm", optional: false]}, {:phoenix_html, "~> 2.9", [hex: :phoenix_html, repo: "hexpm", optional: true]}, {:plug, "~> 1.0", [hex: :plug, repo: "hexpm", optional: false]}], "hexpm"},
  "phoenix_pubsub": {:hex, :phoenix_pubsub, "1.0.2", "bfa7fd52788b5eaa09cb51ff9fcad1d9edfeb68251add458523f839392f034c1", [:mix], [], "hexpm"},
  "pigeon": {:hex, :pigeon, "1.2.0", "ef4d0e496252ed67b307e3b04e089c4e309473ff1fe4da3aa1cd18e4f1d3c362", [:mix], [{:gen_stage, "~> 0.12", [hex: :gen_stage, repo: "hexpm", optional: false]}, {:httpoison, "~> 0.7 or ~> 1.0", [hex: :httpoison, repo: "hexpm", optional: false]}, {:joken, "~> 1.5.0", [hex: :joken, repo: "hexpm", optional: false]}, {:kadabra, "~> 0.4.2", [hex: :kadabra, repo: "hexpm", optional: true]}, {:poison, "~> 2.0 or ~> 3.0", [hex: :poison, repo: "hexpm", optional: false]}], "hexpm"},
  "plug": {:hex, :plug, "1.6.0", "90d338a44c8cd762c32d3ea324f6728445c6145b51895403854b77f1536f1617", [:mix], [{:cowboy, "~> 1.0.1 or ~> 1.1 or ~> 2.4", [hex: :cowboy, repo: "hexpm", optional: true]}, {:mime, "~> 1.0", [hex: :mime, repo: "hexpm", optional: false]}], "hexpm"},
  "poison": {:hex, :poison, "3.1.0", "d9eb636610e096f86f25d9a46f35a9facac35609a7591b3be3326e99a0484665", [:mix], [], "hexpm"},
  "poolboy": {:hex, :poolboy, "1.5.1", "6b46163901cfd0a1b43d692657ed9d7e599853b3b21b95ae5ae0a777cf9b6ca8", [:rebar], [], "hexpm"},
  "postgrex": {:hex, :postgrex, "0.13.5", "3d931aba29363e1443da167a4b12f06dcd171103c424de15e5f3fc2ba3e6d9c5", [:mix], [{:connection, "~> 1.0", [hex: :connection, repo: "hexpm", optional: false]}, {:db_connection, "~> 1.1", [hex: :db_connection, repo: "hexpm", optional: false]}, {:decimal, "~> 1.0", [hex: :decimal, repo: "hexpm", optional: false]}], "hexpm"},
  "prometheus": {:hex, :prometheus, "3.5.0", "7dd411b444b858b3a4e64cc10cd87c076f5656c8a2244f3e5af57e6f2d65ba8d", [:mix, :rebar3], [], "hexpm"},
  "prometheus_ecto": {:hex, :prometheus_ecto, "1.0.3", "d66fad2340510491db7c2c498ef30ef666b76cb710e490e20114971f1b6ec952", [:mix], [{:ecto, "~> 2.0", [hex: :ecto, repo: "hexpm", optional: false]}, {:prometheus_ex, "~> 1.1 or ~> 2.0 or ~> 3.0", [hex: :prometheus_ex, repo: "hexpm", optional: false]}], "hexpm"},
  "prometheus_ex": {:hex, :prometheus_ex, "1.4.1", "5e08decec6f925c296b99eb136b40e8dacdedd9f03553575ee88a38a23ce9601", [:mix], [{:prometheus, "~> 3.4", [hex: :prometheus, repo: "hexpm", optional: false]}], "hexpm"},
  "prometheus_phoenix": {:hex, :prometheus_phoenix, "1.2.1", "964a74dfbc055f781d3a75631e06ce3816a2913976d1df7830283aa3118a797a", [:mix], [{:phoenix, "~> 1.3", [hex: :phoenix, repo: "hexpm", optional: false]}, {:prometheus_ex, "~> 1.3 or ~> 2.0 or ~> 3.0", [hex: :prometheus_ex, repo: "hexpm", optional: false]}], "hexpm"},
  "prometheus_plugs": {:hex, :prometheus_plugs, "1.1.5", "25933d48f8af3a5941dd7b621c889749894d8a1082a6ff7c67cc99dec26377c5", [:mix], [{:accept, "~> 0.1", [hex: :accept, repo: "hexpm", optional: false]}, {:plug, "~> 1.0", [hex: :plug, repo: "hexpm", optional: false]}, {:prometheus_ex, "~> 1.1 or ~> 2.0 or ~> 3.0", [hex: :prometheus_ex, repo: "hexpm", optional: false]}, {:prometheus_process_collector, "~> 1.1", [hex: :prometheus_process_collector, repo: "hexpm", optional: true]}], "hexpm"},
  "quickrand": {:hex, :quickrand, "1.7.3", "0e4fb48fac904fe0c6e21d7e8c31a288a0700e1e81a35b38b649fc119079755d", [:rebar3], [], "hexpm"},
  "ranch": {:hex, :ranch, "1.5.0", "f04166f456790fee2ac1aa05a02745cc75783c2bfb26d39faf6aefc9a3d3a58a", [:rebar3], [], "hexpm"},
  "recon": {:hex, :recon, "2.3.5", "5136eb8f8020a440f5f894f1c11e7fa9480315b2e6e398b0e46609cb963e768a", [:rebar3], [], "hexpm"},
  "redix": {:hex, :redix, "0.7.1", "25a6c1c0d9b2d12a35aef759f9e49bd9bca00e0cd857ce766412f08fdda72163", [:mix], [{:connection, "~> 1.0", [hex: :connection, repo: "hexpm", optional: false]}], "hexpm"},
  "redo": {:hex, :redo, "2.0.1", "b895c67f4c1266db8fecca0079fbab65bdfaf7c2f5618c8edbdbf4800e7e248b", [:rebar], [], "hexpm"},
  "reprise": {:hex, :reprise, "0.5.1", "8b6e6266c46780e47f89e8e03e5fc945348dc0d5eb1e47b5ba017481d3a5f5dd", [:mix], [], "hexpm"},
  "slack_ex": {:hex, :slack_ex, "0.1.0", "64e819c1e874cb053f097d3b5989f4cd839761b10bab9c4e41cc45865853ad38", [:mix], [{:httpoison, "~> 0.11", [hex: :httpoison, repo: "hexpm", optional: false]}, {:poison, "~> 3.1", [hex: :poison, repo: "hexpm", optional: false]}], "hexpm"},
  "socket": {:hex, :socket, "0.3.13", "98a2ab20ce17f95fb512c5cadddba32b57273e0d2dba2d2e5f976c5969d0c632", [:mix], [], "hexpm"},
  "ssl_verify_fun": {:hex, :ssl_verify_fun, "1.1.1", "28a4d65b7f59893bc2c7de786dec1e1555bd742d336043fe644ae956c3497fbe", [:make, :rebar], [], "hexpm"},
  "stringprep": {:hex, :stringprep, "1.0.11", "002e6972ab36c35f3dd88c11725014e62608c45a00399c083681879973fa8026", [:rebar3], [{:p1_utils, "1.0.11", [hex: :p1_utils, repo: "hexpm", optional: false]}], "hexpm"},
  "sweet_xml": {:hex, :sweet_xml, "0.6.5", "dd9cde443212b505d1b5f9758feb2000e66a14d3c449f04c572f3048c66e6697", [:mix], [], "hexpm"},
  "timex": {:hex, :timex, "3.3.0", "e0695aa0ddb37d460d93a2db34d332c2c95a40c27edf22fbfea22eb8910a9c8d", [:mix], [{:combine, "~> 0.10", [hex: :combine, repo: "hexpm", optional: false]}, {:gettext, "~> 0.10", [hex: :gettext, repo: "hexpm", optional: false]}, {:tzdata, "~> 0.1.8 or ~> 0.5", [hex: :tzdata, repo: "hexpm", optional: false]}], "hexpm"},
  "tzdata": {:hex, :tzdata, "0.5.16", "13424d3afc76c68ff607f2df966c0ab4f3258859bbe3c979c9ed1606135e7352", [:mix], [{:hackney, "~> 1.0", [hex: :hackney, repo: "hexpm", optional: false]}], "hexpm"},
  "unicode_util_compat": {:hex, :unicode_util_compat, "0.3.1", "a1f612a7b512638634a603c8f401892afbf99b8ce93a45041f8aaca99cadb85e", [:rebar3], [], "hexpm"},
  "usec": {:git, "https://github.com/esl/usec", "f85ffd8350d7000c26392c18bdfcdbb30f3b5ee8", [branch: "master"]},
  "uuid": {:hex, :uuid_erl, "1.7.3", "c5df97d1a3d626235c2415e74053c47b2138bb863c5cd802ab5caecb8ecc019f", [:rebar3], [{:quickrand, "~> 1.7.3", [hex: :quickrand, repo: "hexpm", optional: false]}], "hexpm"},
  "wocky_db_watcher": {:git, "https://github.com/hippware/wocky_db_watcher.git", "553462c3fdf8ce5fe4154edea6845417293d10ed", [branch: "master"]},
  "worker_pool": {:hex, :worker_pool, "3.1.0", "c908627e04057cf29940ad0e79b89ab161db520eebc76942efd08a187babf93a", [:rebar3], [], "hexpm"},
  "wsecli": {:git, "https://github.com/esl/wsecli.git", "a89054cf71c5ee9e780998e5acb2a78fd3419dd9", [branch: "master"]},
  "wsock": {:git, "https://github.com/esl/wsock", "251e18b80c018bb5a6e2f1bbd9bcfcc92e1d9383", [ref: "251e18b"]},
  "xml_builder": {:hex, :xml_builder, "2.1.0", "c249d5339427c13cae11e9d9d0e8b40d25d228b9ecc54029f24017385e60280b", [:mix], [], "hexpm"},
  "zipper": {:git, "https://github.com/inaka/zipper.git", "f06f2c77d79f20571c589a31b138214cf0e4428f", [branch: "master"]},
}
