[{<<"alarms">>,
  {git,"https://github.com/toland/alarms",
       {ref,"8c21f357d8ea6fe2dbd0beb20bde131b355612de"}},
  0},
 {<<"base16">>,{pkg,<<"base16">>,<<"1.0.0">>},0},
 {<<"bear">>,{pkg,<<"bear">>,<<"0.8.3">>},1},
 {<<"binpp">>,
  {git,"https://github.com/jtendo/binpp",
       {ref,"15d836010e3f1cb18f79637ae428cb47b8b02165"}},
  0},
 {<<"cache_tab">>,{pkg,<<"cache_tab">>,<<"1.0.2">>},0},
 {<<"cowboy">>,{pkg,<<"cowboy">>,<<"1.0.4">>},0},
 {<<"cowlib">>,{pkg,<<"cowlib">>,<<"1.0.2">>},1},
 {<<"cqerl">>,
  {git,"https://github.com/hippware/cqerl",
       {ref,"bb3bbf7ce9bfc8892308cba748f35ca663a0fe5e"}},
  0},
 {<<"cuesport">>,
  {git,"https://github.com/esl/cuesport",
       {ref,"d82ff25baf393eb11712721fb1b881b4b9f80176"}},
  0},
 {<<"edeliver">>,
  {git,"https://github.com/hippware/edeliver",
       {ref,"33f9eab866b5833d136d05a791bcab559ce2420d"}},
  0},
 {<<"edown">>,{pkg,<<"edown">>,<<"0.7.0">>},0},
 {<<"ejabberd">>,{rsync,"ext/MongooseIM/apps/ejabberd"},0},
 {<<"eper">>,{pkg,<<"eper">>,<<"0.94.0">>},0},
 {<<"erlando">>,
  {git,"https://github.com/rabbitmq/erlando",
       {ref,"1c1ef25a9bc228671b32b4a6ee30c7525314b1fd"}},
  0},
 {<<"escalus">>,
  {git,"https://github.com/esl/escalus",
       {ref,"f6395195959fb819172a2283d35ef2e89f533da2"}},
  0},
 {<<"exml">>,
  {git,"https://github.com/esl/exml",
       {ref,"d7b745fa89389b53706a07f33775f1f814c66cb4"}},
  0},
 {<<"exometer">>,
  {git,"https://github.com/Feuerlabs/exometer",
       {ref,"25aa831bebd9cbd83eb0187c0fd7b3f56a42907f"}},
  0},
 {<<"exometer_core">>,
  {git,"https://github.com/Feuerlabs/exometer_core",
       {ref,"d7c4ddd066b5a56f7118bdb00dd7b22277340a35"}},
  0},
 {<<"folsom">>,{pkg,<<"folsom">>,<<"0.8.3">>},0},
 {<<"fun_chain">>,
  {git,"https://github.com/sasa1977/fun_chain",
       {ref,"e6eede57b74e7588f7aadcf21602023a21c18910"}},
  0},
 {<<"fusco">>,
  {git,"https://github.com/esl/fusco",
       {ref,"0a428471aefb3a38207c2141249181e6c018e565"}},
  0},
 {<<"goldrush">>,
  {git,"git://github.com/DeadZen/goldrush.git",
       {ref,"212299233c7e7eb63a97be2777e1c05ebaa58dbe"}},
  1},
 {<<"hamcrest">>,{pkg,<<"hamcrest">>,<<"0.1.1">>},2},
 {<<"idna">>,{pkg,<<"idna">>,<<"1.0.3">>},0},
 {<<"lager">>,
  {git,"https://github.com/basho/lager",
       {ref,"b2cb2735713e3021e0761623ff595d53a545438e"}},
  0},
 {<<"lz4">>,
  {git,"https://github.com/szktty/erlang-lz4.git",
       {ref,"30878eafeff35939052c2cafe17d21c95029d3a1"}},
  1},
 {<<"meck">>,{pkg,<<"meck">>,<<"0.8.4">>},0},
 {<<"mochijson2">>,
  {git,"https://github.com/bjnortier/mochijson2",
       {ref,"e162b7f5be57b8a1fcf5cc99aa4948864af42bba"}},
  0},
 {<<"mochiweb">>,
  {git,"git://github.com/basho/mochiweb.git",
       {ref,"ade2a9b29a11034eb550c1d79b4f991bf5ca05ba"}},
  1},
 {<<"mustache">>,
  {git,"git://github.com/mojombo/mustache.erl.git",
       {ref,"d0246fe143058b6404f66cf99fece3ff6e87b7ed"}},
  1},
 {<<"ossp_uuid">>,
  {git,"https://github.com/toland/erlang-ossp-uuid",
       {ref,"c0ce1c3687390e5583eac8be877a1f077262ba7b"}},
  0},
 {<<"p1_stringprep">>,{pkg,<<"p1_stringprep">>,<<"1.0.1">>},0},
 {<<"p1_utils">>,{pkg,<<"p1_utils">>,<<"1.0.3">>},0},
 {<<"pa">>,
  {git,"https://github.com/lavrin/pa",
       {ref,"c616d3f9f33ab2f739a6c6fd4c6dacddbae05aec"}},
  0},
 {<<"parse_trans">>,
  {git,"git://github.com/uwiger/parse_trans.git",
       {ref,"a210adafdfbb904d156d8f22abd5fb58fc17de1e"}},
  1},
 {<<"pooler">>,{pkg,<<"pooler">>,<<"1.5.0">>},0},
 {<<"pretty_errors">>,
  {git,"https://github.com/eproxus/pretty_errors",
       {ref,"697be63f66159af49f542a1f53d1e3fd987838e1"}},
  0},
 {<<"proper">>,{pkg,<<"proper">>,<<"1.1.1-beta">>},0},
 {<<"protobuffs">>,{pkg,<<"protobuffs">>,<<"0.8.2">>},2},
 {<<"quickrand">>,
  {git,"https://github.com/okeuday/quickrand.git",
       {ref,"3eadabe05bddbffe9e3d5cf17a9384319d8756a1"}},
  2},
 {<<"ranch">>,{pkg,<<"ranch">>,<<"1.2.1">>},1},
 {<<"re2">>,
  {git,"https://github.com/tuncer/re2.git",
       {ref,"cdc0b51a95e6af6736551d730b4ca96459f1ab90"}},
  1},
 {<<"recon">>,{pkg,<<"recon">>,<<"2.2.1">>},0},
 {<<"redo">>,{pkg,<<"redo">>,<<"2.0.1">>},0},
 {<<"riak_pb">>,{pkg,<<"riak_pb">>,<<"2.1.0">>},1},
 {<<"riakc">>,{pkg,<<"riakc">>,<<"2.1.1">>},0},
 {<<"semver">>,
  {git,"https://github.com/nebularis/semver.git",
       {ref,"c7d509f38298ec6594be4efdcd8a8f2322760039"}},
  1},
 {<<"setup">>,
  {git,"https://github.com/uwiger/setup",
       {ref,"c63ab416c2d815d61aead50898a7a13ca3eb804c"}},
  0},
 {<<"snappy">>,
  {git,"https://github.com/fdmanana/snappy-erlang-nif.git",
       {ref,"76417d16a8d39e04d66114d8f8a3c75df19474f0"}},
  1},
 {<<"uuid">>,
  {git,"https://github.com/okeuday/uuid.git",
       {ref,"41e4e0edc4fe6291227b3fe74f7c2362f2525b21"}},
  1},
 {<<"webmachine">>,
  {git,"https://github.com/webmachine/webmachine",
       {ref,"7677c240f4a7ed020f4bab48278224966bb42311"}},
  0},
 {<<"wsecli">>,
  {git,"git://github.com/esl/wsecli.git",
       {ref,"f1c3facf82e4cd310decb036ed557b7679c0c7e0"}},
  1},
 {<<"wsock">>,
  {git,"https://github.com/esl/wsock",
       {ref,"251e18b80c018bb5a6e2f1bbd9bcfcc92e1d9383"}},
  2}].
