[{<<"alarms">>,
  {git,"https://github.com/toland/alarms",
       {ref,"8c21f357d8ea6fe2dbd0beb20bde131b355612de"}},
  0},
 {<<"base16">>,
  {git,"https://github.com/goj/base16",
       {ref,"b781a7aec07fc958b92bc13940c50578045e2138"}},
  0},
 {<<"bear">>,{pkg,<<"bear">>,<<"0.8.3">>},1},
 {<<"cache_tab">>,{pkg,<<"cache_tab">>,<<"1.0.1">>},0},
 {<<"cowboy">>,{pkg,<<"cowboy">>,<<"1.0.4">>},0},
 {<<"cowlib">>,{pkg,<<"cowlib">>,<<"1.0.2">>},1},
 {<<"cqerl">>,
  {git,"https://github.com/toland/cqerl",
       {ref,"4cc52d4861a9ddd7e15b923e1b54419f3a37c0f8"}},
  0},
 {<<"cuesport">>,
  {git,"https://github.com/esl/cuesport",
       {ref,"d82ff25baf393eb11712721fb1b881b4b9f80176"}},
  0},
 {<<"edown">>,{pkg,<<"edown">>,<<"0.7.0">>},0},
 {<<"ejabberd">>,{rsync,"ext/MongooseIM/apps/ejabberd"},0},
 {<<"exml">>,
  {git,"https://github.com/esl/exml",
       {ref,"d7b745fa89389b53706a07f33775f1f814c66cb4"}},
  0},
 {<<"exometer">>,
  {git,"https://github.com/Feuerlabs/exometer",
       {ref,"25aa831bebd9cbd83eb0187c0fd7b3f56a42907f"}},
  0},
 {<<"exometer_core">>,
  {git,"https://github.com/Feuerlabs/exometer_core",
       {ref,"d7c4ddd066b5a56f7118bdb00dd7b22277340a35"}},
  0},
 {<<"folsom">>,{pkg,<<"folsom">>,<<"0.8.3">>},0},
 {<<"fusco">>,
  {git,"https://github.com/esl/fusco",
       {ref,"0a428471aefb3a38207c2141249181e6c018e565"}},
  0},
 {<<"goldrush">>,{pkg,<<"goldrush">>,<<"0.1.7">>},1},
 {<<"hamcrest">>,{pkg,<<"hamcrest">>,<<"0.1.1">>},2},
 {<<"idna">>,{pkg,<<"idna">>,<<"1.0.2">>},0},
 {<<"lager">>,{pkg,<<"lager">>,<<"3.0.2">>},0},
 {<<"lz4">>,
  {git,"https://github.com/szktty/erlang-lz4.git",
       {ref,"30878eafeff35939052c2cafe17d21c95029d3a1"}},
  1},
 {<<"meck">>,{pkg,<<"meck">>,<<"0.8.3">>},0},
 {<<"mochijson2">>,
  {git,"https://github.com/bjnortier/mochijson2",
       {ref,"e162b7f5be57b8a1fcf5cc99aa4948864af42bba"}},
  0},
 {<<"ossp_uuid">>,
  {git,"https://github.com/toland/erlang-ossp-uuid",
       {ref,"c0ce1c3687390e5583eac8be877a1f077262ba7b"}},
  0},
 {<<"p1_stringprep">>,{pkg,<<"p1_stringprep">>,<<"1.0.0">>},0},
 {<<"p1_utils">>,{pkg,<<"p1_utils">>,<<"1.0.1">>},0},
 {<<"pa">>,
  {git,"https://github.com/lavrin/pa",
       {ref,"c616d3f9f33ab2f739a6c6fd4c6dacddbae05aec"}},
  0},
 {<<"parse_trans">>,
  {git,"git://github.com/uwiger/parse_trans.git",
       {ref,"a210adafdfbb904d156d8f22abd5fb58fc17de1e"}},
  1},
 {<<"pooler">>,{pkg,<<"pooler">>,<<"1.5.0">>},0},
 {<<"proper">>,{pkg,<<"proper">>,<<"1.1.1-beta">>},0},
 {<<"protobuffs">>,{pkg,<<"protobuffs">>,<<"0.8.2">>},2},
 {<<"ranch">>,{pkg,<<"ranch">>,<<"1.2.0">>},1},
 {<<"re2">>,
  {git,"https://github.com/tuncer/re2.git",
       {ref,"66c58b948d99835b3ca6bae50497060382e946cc"}},
  1},
 {<<"recon">>,{pkg,<<"recon">>,<<"2.2.1">>},0},
 {<<"redo">>,{pkg,<<"redo">>,<<"2.0.1">>},0},
 {<<"riak_pb">>,{pkg,<<"riak_pb">>,<<"2.1.0">>},1},
 {<<"riakc">>,{pkg,<<"riakc">>,<<"2.1.1">>},0},
 {<<"semver">>,
  {git,"https://github.com/nebularis/semver.git",
       {ref,"c7d509f38298ec6594be4efdcd8a8f2322760039"}},
  1},
 {<<"setup">>,
  {git,"git://github.com/uwiger/setup.git",
       {ref,"85447ca5eb671db0517a475791ac7fb3604bf44d"}},
  1},
 {<<"snappy">>,
  {git,"https://github.com/fdmanana/snappy-erlang-nif.git",
       {ref,"76417d16a8d39e04d66114d8f8a3c75df19474f0"}},
  1}].
