[{<<"alarms">>,
  {git,"https://github.com/hippware/alarms",
       {ref,"8c21f357d8ea6fe2dbd0beb20bde131b355612de"}},
  0},
 {<<"algolia">>,
  {git,"https://github.com/k3nn7/algoliasearch-client-erlang",
       {ref,"640f3da5161975a77f45f563ebab22edbf1fb021"}},
  0},
 {<<"base16">>,{pkg,<<"base16">>,<<"1.0.0">>},0},
 {<<"bear">>,{pkg,<<"bear">>,<<"0.8.3">>},1},
 {<<"binpp">>,
  {git,"https://github.com/jtendo/binpp",
       {ref,"15d836010e3f1cb18f79637ae428cb47b8b02165"}},
  0},
 {<<"cache_tab">>,{pkg,<<"cache_tab">>,<<"1.0.2">>},0},
 {<<"cf">>,{pkg,<<"cf">>,<<"0.2.1">>},1},
 {<<"cowboy">>,{pkg,<<"cowboy">>,<<"1.0.4">>},0},
 {<<"cowlib">>,{pkg,<<"cowlib">>,<<"1.0.2">>},1},
 {<<"cqerl">>,
  {git,"https://github.com/hippware/cqerl",
       {ref,"3af2c8a8ff8ab6d5adfe13e59128cd3e440334d6"}},
  0},
 {<<"cuesport">>,
  {git,"https://github.com/esl/cuesport",
       {ref,"d82ff25baf393eb11712721fb1b881b4b9f80176"}},
  0},
 {<<"edown">>,{pkg,<<"edown">>,<<"0.7.0">>},0},
 {<<"ejabberd">>,
  {git,"https://github.com/hippware/mim-ejabberd",
       {ref,"759936831a6033a9c8a9e15b8e6877156931e37b"}},
  0},
 {<<"eper">>,{pkg,<<"eper">>,<<"0.94.0">>},0},
 {<<"erlando">>,
  {git,"https://github.com/rabbitmq/erlando",
       {ref,"1c1ef25a9bc228671b32b4a6ee30c7525314b1fd"}},
  0},
 {<<"erlang_localtime">>,
  {git,"git://github.com/choptastic/erlang_localtime.git",
       {ref,"553e3587284c5a671026cb554e613e2895a81720"}},
  1},
 {<<"erlware_commons">>,{pkg,<<"erlware_commons">>,<<"0.21.0">>},0},
 {<<"escalus">>,
  {git,"https://github.com/hippware/escalus",
       {ref,"903f687f948ab18ea807bab45db5dea89679b89a"}},
  0},
 {<<"exml">>,
  {git,"https://github.com/esl/exml",
       {ref,"d7b745fa89389b53706a07f33775f1f814c66cb4"}},
  0},
 {<<"exometer">>,
  {git,"https://github.com/Feuerlabs/exometer",
       {ref,"7a7bd8d2b52de4d90f65aa3f6044b0e988319b9e"}},
  0},
 {<<"exometer_core">>,
  {git,"https://github.com/Feuerlabs/exometer_core",
       {ref,"341410912dda0aa6f2e58dbe24edfe0702265418"}},
  0},
 {<<"folsom">>,{pkg,<<"folsom">>,<<"0.8.3">>},0},
 {<<"fun_chain">>,
  {git,"https://github.com/sasa1977/fun_chain",
       {ref,"e6eede57b74e7588f7aadcf21602023a21c18910"}},
  0},
 {<<"fusco">>,
  {git,"https://github.com/esl/fusco",
       {ref,"0a428471aefb3a38207c2141249181e6c018e565"}},
  0},
 {<<"goldrush">>,
  {git,"git://github.com/DeadZen/goldrush.git",
       {ref,"212299233c7e7eb63a97be2777e1c05ebaa58dbe"}},
  1},
 {<<"hamcrest">>,
  {git,"https://github.com/hyperthunk/hamcrest-erlang",
       {ref,"13f9bfb9b27d216e8e033b0e0a9a29097ed923dd"}},
  0},
 {<<"hut">>,
  {git,"git://github.com/tolbrino/hut.git",
       {ref,"025540398478ab6f95932c3234382ac5bb21ad3e"}},
  1},
 {<<"ibrowse">>,
  {git,"git://github.com/cmullaparthi/ibrowse.git",
       {ref,"fd81d44182507c23445ed720df8c30e2e8da9d9b"}},
  1},
 {<<"idna">>,{pkg,<<"idna">>,<<"2.0.0">>},0},
 {<<"jiffy">>,
  {git,"git://github.com/davisp/jiffy.git",
       {ref,"cfc61a2e952dc3182e0f9b1473467563699992e2"}},
  1},
 {<<"lager">>,
  {git,"https://github.com/basho/lager",
       {ref,"8187757388c9adc915379caaab36a2f2ca26e944"}},
  0},
 {<<"lz4">>,
  {git,"https://github.com/szktty/erlang-lz4.git",
       {ref,"30878eafeff35939052c2cafe17d21c95029d3a1"}},
  1},
 {<<"meck">>,{pkg,<<"meck">>,<<"0.8.4">>},0},
 {<<"mochijson2">>,
  {git,"https://github.com/bjnortier/mochijson2",
       {ref,"e162b7f5be57b8a1fcf5cc99aa4948864af42bba"}},
  0},
 {<<"mustache">>,
  {git,"git://github.com/mojombo/mustache.erl.git",
       {ref,"d0246fe143058b6404f66cf99fece3ff6e87b7ed"}},
  1},
 {<<"ossp_uuid">>,
  {git,"https://github.com/hippware/erlang-ossp-uuid",
       {ref,"c0ce1c3687390e5583eac8be877a1f077262ba7b"}},
  0},
 {<<"p1_utils">>,{pkg,<<"p1_utils">>,<<"1.0.4">>},0},
 {<<"pa">>,
  {git,"https://github.com/lavrin/pa",
       {ref,"070bf37fc8591de2cb8d975ab4935656f4110cb9"}},
  0},
 {<<"parse_trans">>,
  {git,"git://github.com/uwiger/parse_trans.git",
       {ref,"a210adafdfbb904d156d8f22abd5fb58fc17de1e"}},
  1},
 {<<"pooler">>,{pkg,<<"pooler">>,<<"1.5.0">>},0},
 {<<"pretty_errors">>,
  {git,"https://github.com/eproxus/pretty_errors",
       {ref,"697be63f66159af49f542a1f53d1e3fd987838e1"}},
  0},
 {<<"proper">>,
  {git,"https://github.com/manopapad/proper",
       {ref,"5f0d69c831b6c9f52535c3d1846efca480f6190d"}},
  0},
 {<<"protobuffs">>,
  {git,"git://github.com/basho/erlang_protobuffs.git",
       {ref,"d8969a2a0312be7d9db29fcdd2fdfe287c090911"}},
  1},
 {<<"qdate">>,
  {git,"https://github.com/choptastic/qdate",
       {ref,"10d56c2e045440dac69f1b29a90afe6705cff82f"}},
  0},
 {<<"quickrand">>,
  {git,"https://github.com/okeuday/quickrand.git",
       {ref,"3eadabe05bddbffe9e3d5cf17a9384319d8756a1"}},
  2},
 {<<"ranch">>,{pkg,<<"ranch">>,<<"1.2.1">>},1},
 {<<"re2">>,
  {git,"https://github.com/tuncer/re2.git",
       {ref,"cdc0b51a95e6af6736551d730b4ca96459f1ab90"}},
  1},
 {<<"recon">>,{pkg,<<"recon">>,<<"2.3.1">>},0},
 {<<"redo">>,{pkg,<<"redo">>,<<"2.0.1">>},0},
 {<<"riak_pb">>,
  {git,"https://github.com/basho/riak_pb",
       {ref,"33e4d4dded18c42bb8d8a821d49f998453060760"}},
  0},
 {<<"riakc">>,
  {git,"https://github.com/basho/riak-erlang-client",
       {ref,"8c3256eba4468d7c56215d3f6b8af48634c1d4b1"}},
  0},
 {<<"semver">>,
  {git,"https://github.com/nebularis/semver.git",
       {ref,"c7d509f38298ec6594be4efdcd8a8f2322760039"}},
  1},
 {<<"setup">>,{pkg,<<"setup">>,<<"1.7.0">>},0},
 {<<"snappy">>,
  {git,"https://github.com/fdmanana/snappy-erlang-nif.git",
       {ref,"76417d16a8d39e04d66114d8f8a3c75df19474f0"}},
  1},
 {<<"stringprep">>,{pkg,<<"stringprep">>,<<"1.0.3">>},0},
 {<<"usec">>,
  {git,"https://github.com/esl/usec",
       {ref,"f85ffd8350d7000c26392c18bdfcdbb30f3b5ee8"}},
  0},
 {<<"uuid">>,
  {git,"https://github.com/okeuday/uuid.git",
       {ref,"41e4e0edc4fe6291227b3fe74f7c2362f2525b21"}},
  1},
 {<<"wsecli">>,
  {git,"git://github.com/esl/wsecli.git",
       {ref,"f1c3facf82e4cd310decb036ed557b7679c0c7e0"}},
  1},
 {<<"wsock">>,
  {git,"https://github.com/esl/wsock",
       {ref,"251e18b80c018bb5a6e2f1bbd9bcfcc92e1d9383"}},
  2},
 {<<"z_stdlib">>,
  {git,"https://github.com/zotonic/z_stdlib",
       {ref,"b43f47293364df889acf8af90817e1b3cd724bef"}},
  0}].
